// !$*UTF8*$!
{
	archiveVersion = 1;
	classes = {
	};
	objectVersion = 46;
	objects = {

/* Begin PBXBuildFile section */
		177138D41AADFA01002AFEF0 /* ApiController.m in Sources */ = {isa = PBXBuildFile; fileRef = 177138D31AADFA01002AFEF0 /* ApiController.m */; };
		17CF527E1AA5F8F6001C7E65 /* main.m in Sources */ = {isa = PBXBuildFile; fileRef = 17CF527D1AA5F8F6001C7E65 /* main.m */; };
		17CF52811AA5F8F6001C7E65 /* AppDelegate.m in Sources */ = {isa = PBXBuildFile; fileRef = 17CF52801AA5F8F6001C7E65 /* AppDelegate.m */; };
		17CF52841AA5F8F6001C7E65 /* ViewController.m in Sources */ = {isa = PBXBuildFile; fileRef = 17CF52831AA5F8F6001C7E65 /* ViewController.m */; };
		17CF52871AA5F8F6001C7E65 /* Main.storyboard in Resources */ = {isa = PBXBuildFile; fileRef = 17CF52851AA5F8F6001C7E65 /* Main.storyboard */; };
		17CF52891AA5F8F6001C7E65 /* Images.xcassets in Resources */ = {isa = PBXBuildFile; fileRef = 17CF52881AA5F8F6001C7E65 /* Images.xcassets */; };
		17CF528C1AA5F8F6001C7E65 /* LaunchScreen.xib in Resources */ = {isa = PBXBuildFile; fileRef = 17CF528A1AA5F8F6001C7E65 /* LaunchScreen.xib */; };
		17CF52981AA5F8F6001C7E65 /* DataTests.m in Sources */ = {isa = PBXBuildFile; fileRef = 17CF52971AA5F8F6001C7E65 /* DataTests.m */; };
		17CF52A21AA5FB64001C7E65 /* CoreLocation.framework in Frameworks */ = {isa = PBXBuildFile; fileRef = 17CF52A11AA5FB64001C7E65 /* CoreLocation.framework */; };
		17CF52A51AA5FE68001C7E65 /* HealthKit.framework in Frameworks */ = {isa = PBXBuildFile; fileRef = 17CF52A41AA5FE68001C7E65 /* HealthKit.framework */; };
		17D3A6FF1AADC01400612D0E /* SignUpViewController.m in Sources */ = {isa = PBXBuildFile; fileRef = 17D3A6FE1AADC01400612D0E /* SignUpViewController.m */; };
		17DCD4EA1AA99A8700818722 /* LoginViewController.m in Sources */ = {isa = PBXBuildFile; fileRef = 17DCD4E91AA99A8700818722 /* LoginViewController.m */; };
		A81789371ABC1756004319BA /* libz.dylib in Frameworks */ = {isa = PBXBuildFile; fileRef = A81789361ABC1756004319BA /* libz.dylib */; };
		A81789451ABC1D34004319BA /* ioapi.c in Sources */ = {isa = PBXBuildFile; fileRef = A817893B1ABC1D34004319BA /* ioapi.c */; };
		A81789461ABC1D34004319BA /* mztools.c in Sources */ = {isa = PBXBuildFile; fileRef = A817893D1ABC1D34004319BA /* mztools.c */; };
		A81789471ABC1D34004319BA /* unzip.c in Sources */ = {isa = PBXBuildFile; fileRef = A817893F1ABC1D34004319BA /* unzip.c */; };
		A81789481ABC1D34004319BA /* zip.c in Sources */ = {isa = PBXBuildFile; fileRef = A81789411ABC1D34004319BA /* zip.c */; };
		A81789491ABC1D34004319BA /* SSZipArchive.m in Sources */ = {isa = PBXBuildFile; fileRef = A81789441ABC1D34004319BA /* SSZipArchive.m */; };
		A8D391EA1ACD682B0062BABD /* JSONModel.m in Sources */ = {isa = PBXBuildFile; fileRef = A8D391D31ACD682B0062BABD /* JSONModel.m */; };
		A8D391EB1ACD682B0062BABD /* JSONModelArray.m in Sources */ = {isa = PBXBuildFile; fileRef = A8D391D51ACD682B0062BABD /* JSONModelArray.m */; };
		A8D391EC1ACD682B0062BABD /* JSONModelClassProperty.m in Sources */ = {isa = PBXBuildFile; fileRef = A8D391D71ACD682B0062BABD /* JSONModelClassProperty.m */; };
		A8D391ED1ACD682B0062BABD /* JSONModelError.m in Sources */ = {isa = PBXBuildFile; fileRef = A8D391D91ACD682B0062BABD /* JSONModelError.m */; };
		A8D391EE1ACD682B0062BABD /* NSArray+JSONModel.m in Sources */ = {isa = PBXBuildFile; fileRef = A8D391DC1ACD682B0062BABD /* NSArray+JSONModel.m */; };
		A8D391EF1ACD682B0062BABD /* JSONAPI.m in Sources */ = {isa = PBXBuildFile; fileRef = A8D391E01ACD682B0062BABD /* JSONAPI.m */; };
		A8D391F01ACD682B0062BABD /* JSONHTTPClient.m in Sources */ = {isa = PBXBuildFile; fileRef = A8D391E21ACD682B0062BABD /* JSONHTTPClient.m */; };
		A8D391F11ACD682B0062BABD /* JSONModel+networking.m in Sources */ = {isa = PBXBuildFile; fileRef = A8D391E41ACD682B0062BABD /* JSONModel+networking.m */; };
		A8D391F21ACD682B0062BABD /* JSONKeyMapper.m in Sources */ = {isa = PBXBuildFile; fileRef = A8D391E71ACD682B0062BABD /* JSONKeyMapper.m */; };
		A8D391F31ACD682B0062BABD /* JSONValueTransformer.m in Sources */ = {isa = PBXBuildFile; fileRef = A8D391E91ACD682B0062BABD /* JSONValueTransformer.m */; };
		A8D391F71ACD69020062BABD /* User.m in Sources */ = {isa = PBXBuildFile; fileRef = A8D391F61ACD69020062BABD /* User.m */; };
/* End PBXBuildFile section */

/* Begin PBXContainerItemProxy section */
		17CF52921AA5F8F6001C7E65 /* PBXContainerItemProxy */ = {
			isa = PBXContainerItemProxy;
			containerPortal = 17CF52701AA5F8F6001C7E65 /* Project object */;
			proxyType = 1;
			remoteGlobalIDString = 17CF52771AA5F8F6001C7E65;
			remoteInfo = Data;
		};
/* End PBXContainerItemProxy section */

/* Begin PBXFileReference section */
		177138D01AADF9B3002AFEF0 /* PrefixHeader.pch */ = {isa = PBXFileReference; lastKnownFileType = sourcecode.c.h; path = PrefixHeader.pch; sourceTree = "<group>"; };
		177138D21AADFA01002AFEF0 /* ApiController.h */ = {isa = PBXFileReference; fileEncoding = 4; lastKnownFileType = sourcecode.c.h; path = ApiController.h; sourceTree = "<group>"; };
		177138D31AADFA01002AFEF0 /* ApiController.m */ = {isa = PBXFileReference; fileEncoding = 4; lastKnownFileType = sourcecode.c.objc; path = ApiController.m; sourceTree = "<group>"; };
		17CF52781AA5F8F6001C7E65 /* Data.app */ = {isa = PBXFileReference; explicitFileType = wrapper.application; includeInIndex = 0; path = Data.app; sourceTree = BUILT_PRODUCTS_DIR; };
		17CF527C1AA5F8F6001C7E65 /* Info.plist */ = {isa = PBXFileReference; lastKnownFileType = text.plist.xml; path = Info.plist; sourceTree = "<group>"; };
		17CF527D1AA5F8F6001C7E65 /* main.m */ = {isa = PBXFileReference; lastKnownFileType = sourcecode.c.objc; path = main.m; sourceTree = "<group>"; };
		17CF527F1AA5F8F6001C7E65 /* AppDelegate.h */ = {isa = PBXFileReference; lastKnownFileType = sourcecode.c.h; path = AppDelegate.h; sourceTree = "<group>"; };
		17CF52801AA5F8F6001C7E65 /* AppDelegate.m */ = {isa = PBXFileReference; lastKnownFileType = sourcecode.c.objc; path = AppDelegate.m; sourceTree = "<group>"; };
		17CF52821AA5F8F6001C7E65 /* ViewController.h */ = {isa = PBXFileReference; lastKnownFileType = sourcecode.c.h; path = ViewController.h; sourceTree = "<group>"; };
		17CF52831AA5F8F6001C7E65 /* ViewController.m */ = {isa = PBXFileReference; lastKnownFileType = sourcecode.c.objc; path = ViewController.m; sourceTree = "<group>"; };
		17CF52861AA5F8F6001C7E65 /* Base */ = {isa = PBXFileReference; lastKnownFileType = file.storyboard; name = Base; path = Base.lproj/Main.storyboard; sourceTree = "<group>"; };
		17CF52881AA5F8F6001C7E65 /* Images.xcassets */ = {isa = PBXFileReference; lastKnownFileType = folder.assetcatalog; path = Images.xcassets; sourceTree = "<group>"; };
		17CF528B1AA5F8F6001C7E65 /* Base */ = {isa = PBXFileReference; lastKnownFileType = file.xib; name = Base; path = Base.lproj/LaunchScreen.xib; sourceTree = "<group>"; };
		17CF52911AA5F8F6001C7E65 /* DataTests.xctest */ = {isa = PBXFileReference; explicitFileType = wrapper.cfbundle; includeInIndex = 0; path = DataTests.xctest; sourceTree = BUILT_PRODUCTS_DIR; };
		17CF52961AA5F8F6001C7E65 /* Info.plist */ = {isa = PBXFileReference; lastKnownFileType = text.plist.xml; path = Info.plist; sourceTree = "<group>"; };
		17CF52971AA5F8F6001C7E65 /* DataTests.m */ = {isa = PBXFileReference; lastKnownFileType = sourcecode.c.objc; path = DataTests.m; sourceTree = "<group>"; };
		17CF52A11AA5FB64001C7E65 /* CoreLocation.framework */ = {isa = PBXFileReference; lastKnownFileType = wrapper.framework; name = CoreLocation.framework; path = System/Library/Frameworks/CoreLocation.framework; sourceTree = SDKROOT; };
		17CF52A31AA5FE68001C7E65 /* Data.entitlements */ = {isa = PBXFileReference; lastKnownFileType = text.xml; path = Data.entitlements; sourceTree = "<group>"; };
		17CF52A41AA5FE68001C7E65 /* HealthKit.framework */ = {isa = PBXFileReference; lastKnownFileType = wrapper.framework; name = HealthKit.framework; path = System/Library/Frameworks/HealthKit.framework; sourceTree = SDKROOT; };
		17D3A6FD1AADC01400612D0E /* SignUpViewController.h */ = {isa = PBXFileReference; fileEncoding = 4; lastKnownFileType = sourcecode.c.h; path = SignUpViewController.h; sourceTree = "<group>"; };
		17D3A6FE1AADC01400612D0E /* SignUpViewController.m */ = {isa = PBXFileReference; fileEncoding = 4; lastKnownFileType = sourcecode.c.objc; path = SignUpViewController.m; sourceTree = "<group>"; };
		17DCD4E81AA99A8700818722 /* LoginViewController.h */ = {isa = PBXFileReference; fileEncoding = 4; lastKnownFileType = sourcecode.c.h; path = LoginViewController.h; sourceTree = "<group>"; };
		17DCD4E91AA99A8700818722 /* LoginViewController.m */ = {isa = PBXFileReference; fileEncoding = 4; lastKnownFileType = sourcecode.c.objc; path = LoginViewController.m; sourceTree = "<group>"; };
		A81789361ABC1756004319BA /* libz.dylib */ = {isa = PBXFileReference; lastKnownFileType = "compiled.mach-o.dylib"; name = libz.dylib; path = usr/lib/libz.dylib; sourceTree = SDKROOT; };
		A817893A1ABC1D34004319BA /* crypt.h */ = {isa = PBXFileReference; fileEncoding = 4; lastKnownFileType = sourcecode.c.h; path = crypt.h; sourceTree = "<group>"; };
		A817893B1ABC1D34004319BA /* ioapi.c */ = {isa = PBXFileReference; fileEncoding = 4; lastKnownFileType = sourcecode.c.c; path = ioapi.c; sourceTree = "<group>"; };
		A817893C1ABC1D34004319BA /* ioapi.h */ = {isa = PBXFileReference; fileEncoding = 4; lastKnownFileType = sourcecode.c.h; path = ioapi.h; sourceTree = "<group>"; };
		A817893D1ABC1D34004319BA /* mztools.c */ = {isa = PBXFileReference; fileEncoding = 4; lastKnownFileType = sourcecode.c.c; path = mztools.c; sourceTree = "<group>"; };
		A817893E1ABC1D34004319BA /* mztools.h */ = {isa = PBXFileReference; fileEncoding = 4; lastKnownFileType = sourcecode.c.h; path = mztools.h; sourceTree = "<group>"; };
		A817893F1ABC1D34004319BA /* unzip.c */ = {isa = PBXFileReference; fileEncoding = 4; lastKnownFileType = sourcecode.c.c; path = unzip.c; sourceTree = "<group>"; };
		A81789401ABC1D34004319BA /* unzip.h */ = {isa = PBXFileReference; fileEncoding = 4; lastKnownFileType = sourcecode.c.h; path = unzip.h; sourceTree = "<group>"; };
		A81789411ABC1D34004319BA /* zip.c */ = {isa = PBXFileReference; fileEncoding = 4; lastKnownFileType = sourcecode.c.c; path = zip.c; sourceTree = "<group>"; };
		A81789421ABC1D34004319BA /* zip.h */ = {isa = PBXFileReference; fileEncoding = 4; lastKnownFileType = sourcecode.c.h; path = zip.h; sourceTree = "<group>"; };
		A81789431ABC1D34004319BA /* SSZipArchive.h */ = {isa = PBXFileReference; fileEncoding = 4; lastKnownFileType = sourcecode.c.h; path = SSZipArchive.h; sourceTree = "<group>"; };
		A81789441ABC1D34004319BA /* SSZipArchive.m */ = {isa = PBXFileReference; fileEncoding = 4; lastKnownFileType = sourcecode.c.objc; path = SSZipArchive.m; sourceTree = "<group>"; };
		A8D391D21ACD682B0062BABD /* JSONModel.h */ = {isa = PBXFileReference; fileEncoding = 4; lastKnownFileType = sourcecode.c.h; path = JSONModel.h; sourceTree = "<group>"; };
		A8D391D31ACD682B0062BABD /* JSONModel.m */ = {isa = PBXFileReference; fileEncoding = 4; lastKnownFileType = sourcecode.c.objc; path = JSONModel.m; sourceTree = "<group>"; };
		A8D391D41ACD682B0062BABD /* JSONModelArray.h */ = {isa = PBXFileReference; fileEncoding = 4; lastKnownFileType = sourcecode.c.h; path = JSONModelArray.h; sourceTree = "<group>"; };
		A8D391D51ACD682B0062BABD /* JSONModelArray.m */ = {isa = PBXFileReference; fileEncoding = 4; lastKnownFileType = sourcecode.c.objc; path = JSONModelArray.m; sourceTree = "<group>"; };
		A8D391D61ACD682B0062BABD /* JSONModelClassProperty.h */ = {isa = PBXFileReference; fileEncoding = 4; lastKnownFileType = sourcecode.c.h; path = JSONModelClassProperty.h; sourceTree = "<group>"; };
		A8D391D71ACD682B0062BABD /* JSONModelClassProperty.m */ = {isa = PBXFileReference; fileEncoding = 4; lastKnownFileType = sourcecode.c.objc; path = JSONModelClassProperty.m; sourceTree = "<group>"; };
		A8D391D81ACD682B0062BABD /* JSONModelError.h */ = {isa = PBXFileReference; fileEncoding = 4; lastKnownFileType = sourcecode.c.h; path = JSONModelError.h; sourceTree = "<group>"; };
		A8D391D91ACD682B0062BABD /* JSONModelError.m */ = {isa = PBXFileReference; fileEncoding = 4; lastKnownFileType = sourcecode.c.objc; path = JSONModelError.m; sourceTree = "<group>"; };
		A8D391DB1ACD682B0062BABD /* NSArray+JSONModel.h */ = {isa = PBXFileReference; fileEncoding = 4; lastKnownFileType = sourcecode.c.h; path = "NSArray+JSONModel.h"; sourceTree = "<group>"; };
		A8D391DC1ACD682B0062BABD /* NSArray+JSONModel.m */ = {isa = PBXFileReference; fileEncoding = 4; lastKnownFileType = sourcecode.c.objc; path = "NSArray+JSONModel.m"; sourceTree = "<group>"; };
		A8D391DD1ACD682B0062BABD /* JSONModelLib.h */ = {isa = PBXFileReference; fileEncoding = 4; lastKnownFileType = sourcecode.c.h; path = JSONModelLib.h; sourceTree = "<group>"; };
		A8D391DF1ACD682B0062BABD /* JSONAPI.h */ = {isa = PBXFileReference; fileEncoding = 4; lastKnownFileType = sourcecode.c.h; path = JSONAPI.h; sourceTree = "<group>"; };
		A8D391E01ACD682B0062BABD /* JSONAPI.m */ = {isa = PBXFileReference; fileEncoding = 4; lastKnownFileType = sourcecode.c.objc; path = JSONAPI.m; sourceTree = "<group>"; };
		A8D391E11ACD682B0062BABD /* JSONHTTPClient.h */ = {isa = PBXFileReference; fileEncoding = 4; lastKnownFileType = sourcecode.c.h; path = JSONHTTPClient.h; sourceTree = "<group>"; };
		A8D391E21ACD682B0062BABD /* JSONHTTPClient.m */ = {isa = PBXFileReference; fileEncoding = 4; lastKnownFileType = sourcecode.c.objc; path = JSONHTTPClient.m; sourceTree = "<group>"; };
		A8D391E31ACD682B0062BABD /* JSONModel+networking.h */ = {isa = PBXFileReference; fileEncoding = 4; lastKnownFileType = sourcecode.c.h; path = "JSONModel+networking.h"; sourceTree = "<group>"; };
		A8D391E41ACD682B0062BABD /* JSONModel+networking.m */ = {isa = PBXFileReference; fileEncoding = 4; lastKnownFileType = sourcecode.c.objc; path = "JSONModel+networking.m"; sourceTree = "<group>"; };
		A8D391E61ACD682B0062BABD /* JSONKeyMapper.h */ = {isa = PBXFileReference; fileEncoding = 4; lastKnownFileType = sourcecode.c.h; path = JSONKeyMapper.h; sourceTree = "<group>"; };
		A8D391E71ACD682B0062BABD /* JSONKeyMapper.m */ = {isa = PBXFileReference; fileEncoding = 4; lastKnownFileType = sourcecode.c.objc; path = JSONKeyMapper.m; sourceTree = "<group>"; };
		A8D391E81ACD682B0062BABD /* JSONValueTransformer.h */ = {isa = PBXFileReference; fileEncoding = 4; lastKnownFileType = sourcecode.c.h; path = JSONValueTransformer.h; sourceTree = "<group>"; };
		A8D391E91ACD682B0062BABD /* JSONValueTransformer.m */ = {isa = PBXFileReference; fileEncoding = 4; lastKnownFileType = sourcecode.c.objc; path = JSONValueTransformer.m; sourceTree = "<group>"; };
		A8D391F51ACD69020062BABD /* User.h */ = {isa = PBXFileReference; fileEncoding = 4; lastKnownFileType = sourcecode.c.h; path = User.h; sourceTree = "<group>"; };
		A8D391F61ACD69020062BABD /* User.m */ = {isa = PBXFileReference; fileEncoding = 4; lastKnownFileType = sourcecode.c.objc; path = User.m; sourceTree = "<group>"; };
/* End PBXFileReference section */

/* Begin PBXFrameworksBuildPhase section */
		17CF52751AA5F8F6001C7E65 /* Frameworks */ = {
			isa = PBXFrameworksBuildPhase;
			buildActionMask = 2147483647;
			files = (
				A81789371ABC1756004319BA /* libz.dylib in Frameworks */,
				17CF52A21AA5FB64001C7E65 /* CoreLocation.framework in Frameworks */,
				17CF52A51AA5FE68001C7E65 /* HealthKit.framework in Frameworks */,
			);
			runOnlyForDeploymentPostprocessing = 0;
		};
		17CF528E1AA5F8F6001C7E65 /* Frameworks */ = {
			isa = PBXFrameworksBuildPhase;
			buildActionMask = 2147483647;
			files = (
			);
			runOnlyForDeploymentPostprocessing = 0;
		};
/* End PBXFrameworksBuildPhase section */

/* Begin PBXGroup section */
		177138D11AADF9E1002AFEF0 /* API */ = {
			isa = PBXGroup;
			children = (
				177138D21AADFA01002AFEF0 /* ApiController.h */,
				177138D31AADFA01002AFEF0 /* ApiController.m */,
			);
			name = API;
			sourceTree = "<group>";
		};
		17CF526F1AA5F8F6001C7E65 = {
			isa = PBXGroup;
			children = (
				A81789361ABC1756004319BA /* libz.dylib */,
				17CF52A41AA5FE68001C7E65 /* HealthKit.framework */,
				17CF52A11AA5FB64001C7E65 /* CoreLocation.framework */,
				17CF527A1AA5F8F6001C7E65 /* Data */,
				17CF52941AA5F8F6001C7E65 /* DataTests */,
				17CF52791AA5F8F6001C7E65 /* Products */,
			);
			sourceTree = "<group>";
		};
		17CF52791AA5F8F6001C7E65 /* Products */ = {
			isa = PBXGroup;
			children = (
				17CF52781AA5F8F6001C7E65 /* Data.app */,
				17CF52911AA5F8F6001C7E65 /* DataTests.xctest */,
			);
			name = Products;
			sourceTree = "<group>";
		};
		17CF527A1AA5F8F6001C7E65 /* Data */ = {
			isa = PBXGroup;
			children = (
				A8D391F41ACD68ED0062BABD /* Model */,
				A817894F1ABC6A7D004319BA /* Library */,
				177138D11AADF9E1002AFEF0 /* API */,
				17DCD4EB1AA99EF100818722 /* ViewController */,
				17CF52A31AA5FE68001C7E65 /* Data.entitlements */,
				17CF527F1AA5F8F6001C7E65 /* AppDelegate.h */,
				17CF52801AA5F8F6001C7E65 /* AppDelegate.m */,
				17CF52851AA5F8F6001C7E65 /* Main.storyboard */,
				17CF52881AA5F8F6001C7E65 /* Images.xcassets */,
				17CF528A1AA5F8F6001C7E65 /* LaunchScreen.xib */,
				17CF527B1AA5F8F6001C7E65 /* Supporting Files */,
			);
			path = Data;
			sourceTree = "<group>";
		};
		17CF527B1AA5F8F6001C7E65 /* Supporting Files */ = {
			isa = PBXGroup;
			children = (
				17CF527C1AA5F8F6001C7E65 /* Info.plist */,
				17CF527D1AA5F8F6001C7E65 /* main.m */,
				177138D01AADF9B3002AFEF0 /* PrefixHeader.pch */,
			);
			name = "Supporting Files";
			sourceTree = "<group>";
		};
		17CF52941AA5F8F6001C7E65 /* DataTests */ = {
			isa = PBXGroup;
			children = (
				17CF52971AA5F8F6001C7E65 /* DataTests.m */,
				17CF52951AA5F8F6001C7E65 /* Supporting Files */,
			);
			path = DataTests;
			sourceTree = "<group>";
		};
		17CF52951AA5F8F6001C7E65 /* Supporting Files */ = {
			isa = PBXGroup;
			children = (
				17CF52961AA5F8F6001C7E65 /* Info.plist */,
			);
			name = "Supporting Files";
			sourceTree = "<group>";
		};
		17DCD4EB1AA99EF100818722 /* ViewController */ = {
			isa = PBXGroup;
			children = (
				17CF52821AA5F8F6001C7E65 /* ViewController.h */,
				17CF52831AA5F8F6001C7E65 /* ViewController.m */,
				17DCD4E81AA99A8700818722 /* LoginViewController.h */,
				17DCD4E91AA99A8700818722 /* LoginViewController.m */,
				17D3A6FD1AADC01400612D0E /* SignUpViewController.h */,
				17D3A6FE1AADC01400612D0E /* SignUpViewController.m */,
			);
			name = ViewController;
			sourceTree = "<group>";
		};
		A81789381ABC1D34004319BA /* SSZipArchive */ = {
			isa = PBXGroup;
			children = (
				A81789391ABC1D34004319BA /* minizip */,
				A81789431ABC1D34004319BA /* SSZipArchive.h */,
				A81789441ABC1D34004319BA /* SSZipArchive.m */,
			);
			path = SSZipArchive;
			sourceTree = "<group>";
		};
		A81789391ABC1D34004319BA /* minizip */ = {
			isa = PBXGroup;
			children = (
				A817893A1ABC1D34004319BA /* crypt.h */,
				A817893B1ABC1D34004319BA /* ioapi.c */,
				A817893C1ABC1D34004319BA /* ioapi.h */,
				A817893D1ABC1D34004319BA /* mztools.c */,
				A817893E1ABC1D34004319BA /* mztools.h */,
				A817893F1ABC1D34004319BA /* unzip.c */,
				A81789401ABC1D34004319BA /* unzip.h */,
				A81789411ABC1D34004319BA /* zip.c */,
				A81789421ABC1D34004319BA /* zip.h */,
			);
			path = minizip;
			sourceTree = "<group>";
		};
		A817894F1ABC6A7D004319BA /* Library */ = {
			isa = PBXGroup;
			children = (
				A8D391D01ACD682B0062BABD /* JSONModel */,
				A81789381ABC1D34004319BA /* SSZipArchive */,
			);
			name = Library;
			sourceTree = "<group>";
		};
		A8D391D01ACD682B0062BABD /* JSONModel */ = {
			isa = PBXGroup;
			children = (
				A8D391D11ACD682B0062BABD /* JSONModel */,
				A8D391DA1ACD682B0062BABD /* JSONModelCategories */,
				A8D391DD1ACD682B0062BABD /* JSONModelLib.h */,
				A8D391DE1ACD682B0062BABD /* JSONModelNetworking */,
				A8D391E51ACD682B0062BABD /* JSONModelTransformations */,
			);
			path = JSONModel;
			sourceTree = "<group>";
		};
		A8D391D11ACD682B0062BABD /* JSONModel */ = {
			isa = PBXGroup;
			children = (
				A8D391D21ACD682B0062BABD /* JSONModel.h */,
				A8D391D31ACD682B0062BABD /* JSONModel.m */,
				A8D391D41ACD682B0062BABD /* JSONModelArray.h */,
				A8D391D51ACD682B0062BABD /* JSONModelArray.m */,
				A8D391D61ACD682B0062BABD /* JSONModelClassProperty.h */,
				A8D391D71ACD682B0062BABD /* JSONModelClassProperty.m */,
				A8D391D81ACD682B0062BABD /* JSONModelError.h */,
				A8D391D91ACD682B0062BABD /* JSONModelError.m */,
			);
			path = JSONModel;
			sourceTree = "<group>";
		};
		A8D391DA1ACD682B0062BABD /* JSONModelCategories */ = {
			isa = PBXGroup;
			children = (
				A8D391DB1ACD682B0062BABD /* NSArray+JSONModel.h */,
				A8D391DC1ACD682B0062BABD /* NSArray+JSONModel.m */,
			);
			path = JSONModelCategories;
			sourceTree = "<group>";
		};
		A8D391DE1ACD682B0062BABD /* JSONModelNetworking */ = {
			isa = PBXGroup;
			children = (
				A8D391DF1ACD682B0062BABD /* JSONAPI.h */,
				A8D391E01ACD682B0062BABD /* JSONAPI.m */,
				A8D391E11ACD682B0062BABD /* JSONHTTPClient.h */,
				A8D391E21ACD682B0062BABD /* JSONHTTPClient.m */,
				A8D391E31ACD682B0062BABD /* JSONModel+networking.h */,
				A8D391E41ACD682B0062BABD /* JSONModel+networking.m */,
			);
			path = JSONModelNetworking;
			sourceTree = "<group>";
		};
		A8D391E51ACD682B0062BABD /* JSONModelTransformations */ = {
			isa = PBXGroup;
			children = (
				A8D391E61ACD682B0062BABD /* JSONKeyMapper.h */,
				A8D391E71ACD682B0062BABD /* JSONKeyMapper.m */,
				A8D391E81ACD682B0062BABD /* JSONValueTransformer.h */,
				A8D391E91ACD682B0062BABD /* JSONValueTransformer.m */,
			);
			path = JSONModelTransformations;
			sourceTree = "<group>";
		};
		A8D391F41ACD68ED0062BABD /* Model */ = {
			isa = PBXGroup;
			children = (
				A8D391F51ACD69020062BABD /* User.h */,
				A8D391F61ACD69020062BABD /* User.m */,
			);
			name = Model;
			sourceTree = "<group>";
		};
/* End PBXGroup section */

/* Begin PBXNativeTarget section */
		17CF52771AA5F8F6001C7E65 /* Data */ = {
			isa = PBXNativeTarget;
			buildConfigurationList = 17CF529B1AA5F8F6001C7E65 /* Build configuration list for PBXNativeTarget "Data" */;
			buildPhases = (
				17CF52741AA5F8F6001C7E65 /* Sources */,
				17CF52751AA5F8F6001C7E65 /* Frameworks */,
				17CF52761AA5F8F6001C7E65 /* Resources */,
			);
			buildRules = (
			);
			dependencies = (
			);
			name = Data;
			productName = Data;
			productReference = 17CF52781AA5F8F6001C7E65 /* Data.app */;
			productType = "com.apple.product-type.application";
		};
		17CF52901AA5F8F6001C7E65 /* DataTests */ = {
			isa = PBXNativeTarget;
			buildConfigurationList = 17CF529E1AA5F8F6001C7E65 /* Build configuration list for PBXNativeTarget "DataTests" */;
			buildPhases = (
				17CF528D1AA5F8F6001C7E65 /* Sources */,
				17CF528E1AA5F8F6001C7E65 /* Frameworks */,
				17CF528F1AA5F8F6001C7E65 /* Resources */,
			);
			buildRules = (
			);
			dependencies = (
				17CF52931AA5F8F6001C7E65 /* PBXTargetDependency */,
			);
			name = DataTests;
			productName = DataTests;
			productReference = 17CF52911AA5F8F6001C7E65 /* DataTests.xctest */;
			productType = "com.apple.product-type.bundle.unit-test";
		};
/* End PBXNativeTarget section */

/* Begin PBXProject section */
		17CF52701AA5F8F6001C7E65 /* Project object */ = {
			isa = PBXProject;
			attributes = {
				LastUpgradeCheck = 0610;
				ORGANIZATIONNAME = "kevin Budain";
				TargetAttributes = {
					17CF52771AA5F8F6001C7E65 = {
						CreatedOnToolsVersion = 6.1.1;
						DevelopmentTeam = 3RQFQA54Q5;
						SystemCapabilities = {
							com.apple.BackgroundModes = {
								enabled = 1;
							};
							com.apple.HealthKit = {
								enabled = 1;
							};
						};
					};
					17CF52901AA5F8F6001C7E65 = {
						CreatedOnToolsVersion = 6.1.1;
						TestTargetID = 17CF52771AA5F8F6001C7E65;
					};
				};
			};
			buildConfigurationList = 17CF52731AA5F8F6001C7E65 /* Build configuration list for PBXProject "Data" */;
			compatibilityVersion = "Xcode 3.2";
			developmentRegion = English;
			hasScannedForEncodings = 0;
			knownRegions = (
				en,
				Base,
			);
			mainGroup = 17CF526F1AA5F8F6001C7E65;
			productRefGroup = 17CF52791AA5F8F6001C7E65 /* Products */;
			projectDirPath = "";
			projectRoot = "";
			targets = (
				17CF52771AA5F8F6001C7E65 /* Data */,
				17CF52901AA5F8F6001C7E65 /* DataTests */,
			);
		};
/* End PBXProject section */

/* Begin PBXResourcesBuildPhase section */
		17CF52761AA5F8F6001C7E65 /* Resources */ = {
			isa = PBXResourcesBuildPhase;
			buildActionMask = 2147483647;
			files = (
				17CF52871AA5F8F6001C7E65 /* Main.storyboard in Resources */,
				17CF528C1AA5F8F6001C7E65 /* LaunchScreen.xib in Resources */,
				17CF52891AA5F8F6001C7E65 /* Images.xcassets in Resources */,
			);
			runOnlyForDeploymentPostprocessing = 0;
		};
		17CF528F1AA5F8F6001C7E65 /* Resources */ = {
			isa = PBXResourcesBuildPhase;
			buildActionMask = 2147483647;
			files = (
			);
			runOnlyForDeploymentPostprocessing = 0;
		};
/* End PBXResourcesBuildPhase section */

/* Begin PBXSourcesBuildPhase section */
		17CF52741AA5F8F6001C7E65 /* Sources */ = {
			isa = PBXSourcesBuildPhase;
			buildActionMask = 2147483647;
			files = (
				A8D391F01ACD682B0062BABD /* JSONHTTPClient.m in Sources */,
				A81789471ABC1D34004319BA /* unzip.c in Sources */,
				A8D391F11ACD682B0062BABD /* JSONModel+networking.m in Sources */,
				177138D41AADFA01002AFEF0 /* ApiController.m in Sources */,
				17DCD4EA1AA99A8700818722 /* LoginViewController.m in Sources */,
				A8D391ED1ACD682B0062BABD /* JSONModelError.m in Sources */,
				A8D391F71ACD69020062BABD /* User.m in Sources */,
				A8D391EE1ACD682B0062BABD /* NSArray+JSONModel.m in Sources */,
				A81789481ABC1D34004319BA /* zip.c in Sources */,
				A8D391EF1ACD682B0062BABD /* JSONAPI.m in Sources */,
				A81789461ABC1D34004319BA /* mztools.c in Sources */,
				17D3A6FF1AADC01400612D0E /* SignUpViewController.m in Sources */,
				A8D391F31ACD682B0062BABD /* JSONValueTransformer.m in Sources */,
				17CF52841AA5F8F6001C7E65 /* ViewController.m in Sources */,
				A8D391EC1ACD682B0062BABD /* JSONModelClassProperty.m in Sources */,
				17CF52811AA5F8F6001C7E65 /* AppDelegate.m in Sources */,
				A8D391F21ACD682B0062BABD /* JSONKeyMapper.m in Sources */,
				17CF527E1AA5F8F6001C7E65 /* main.m in Sources */,
				A8D391EA1ACD682B0062BABD /* JSONModel.m in Sources */,
				A81789451ABC1D34004319BA /* ioapi.c in Sources */,
				A81789491ABC1D34004319BA /* SSZipArchive.m in Sources */,
				A8D391EB1ACD682B0062BABD /* JSONModelArray.m in Sources */,
			);
			runOnlyForDeploymentPostprocessing = 0;
		};
		17CF528D1AA5F8F6001C7E65 /* Sources */ = {
			isa = PBXSourcesBuildPhase;
			buildActionMask = 2147483647;
			files = (
				17CF52981AA5F8F6001C7E65 /* DataTests.m in Sources */,
			);
			runOnlyForDeploymentPostprocessing = 0;
		};
/* End PBXSourcesBuildPhase section */

/* Begin PBXTargetDependency section */
		17CF52931AA5F8F6001C7E65 /* PBXTargetDependency */ = {
			isa = PBXTargetDependency;
			target = 17CF52771AA5F8F6001C7E65 /* Data */;
			targetProxy = 17CF52921AA5F8F6001C7E65 /* PBXContainerItemProxy */;
		};
/* End PBXTargetDependency section */

/* Begin PBXVariantGroup section */
		17CF52851AA5F8F6001C7E65 /* Main.storyboard */ = {
			isa = PBXVariantGroup;
			children = (
				17CF52861AA5F8F6001C7E65 /* Base */,
			);
			name = Main.storyboard;
			sourceTree = "<group>";
		};
		17CF528A1AA5F8F6001C7E65 /* LaunchScreen.xib */ = {
			isa = PBXVariantGroup;
			children = (
				17CF528B1AA5F8F6001C7E65 /* Base */,
			);
			name = LaunchScreen.xib;
			sourceTree = "<group>";
		};
/* End PBXVariantGroup section */

/* Begin XCBuildConfiguration section */
		17CF52991AA5F8F6001C7E65 /* Debug */ = {
			isa = XCBuildConfiguration;
			buildSettings = {
				ALWAYS_SEARCH_USER_PATHS = NO;
				CLANG_CXX_LANGUAGE_STANDARD = "gnu++0x";
				CLANG_CXX_LIBRARY = "libc++";
				CLANG_ENABLE_MODULES = YES;
				CLANG_ENABLE_OBJC_ARC = YES;
				CLANG_WARN_BOOL_CONVERSION = YES;
				CLANG_WARN_CONSTANT_CONVERSION = YES;
				CLANG_WARN_DIRECT_OBJC_ISA_USAGE = YES_ERROR;
				CLANG_WARN_EMPTY_BODY = YES;
				CLANG_WARN_ENUM_CONVERSION = YES;
				CLANG_WARN_INT_CONVERSION = YES;
				CLANG_WARN_OBJC_ROOT_CLASS = YES_ERROR;
				CLANG_WARN_UNREACHABLE_CODE = YES;
				CLANG_WARN__DUPLICATE_METHOD_MATCH = YES;
				"CODE_SIGN_IDENTITY[sdk=iphoneos*]" = "iPhone Developer";
				COPY_PHASE_STRIP = NO;
				ENABLE_STRICT_OBJC_MSGSEND = YES;
				GCC_C_LANGUAGE_STANDARD = gnu99;
				GCC_DYNAMIC_NO_PIC = NO;
				GCC_OPTIMIZATION_LEVEL = 0;
				GCC_PREPROCESSOR_DEFINITIONS = (
					"DEBUG=1",
					"$(inherited)",
				);
				GCC_SYMBOLS_PRIVATE_EXTERN = NO;
				GCC_WARN_64_TO_32_BIT_CONVERSION = YES;
				GCC_WARN_ABOUT_RETURN_TYPE = YES_ERROR;
				GCC_WARN_UNDECLARED_SELECTOR = YES;
				GCC_WARN_UNINITIALIZED_AUTOS = YES_AGGRESSIVE;
				GCC_WARN_UNUSED_FUNCTION = YES;
				GCC_WARN_UNUSED_VARIABLE = YES;
				IPHONEOS_DEPLOYMENT_TARGET = 8.1;
				MTL_ENABLE_DEBUG_INFO = YES;
				ONLY_ACTIVE_ARCH = YES;
				SDKROOT = iphoneos;
			};
			name = Debug;
		};
		17CF529A1AA5F8F6001C7E65 /* Release */ = {
			isa = XCBuildConfiguration;
			buildSettings = {
				ALWAYS_SEARCH_USER_PATHS = NO;
				CLANG_CXX_LANGUAGE_STANDARD = "gnu++0x";
				CLANG_CXX_LIBRARY = "libc++";
				CLANG_ENABLE_MODULES = YES;
				CLANG_ENABLE_OBJC_ARC = YES;
				CLANG_WARN_BOOL_CONVERSION = YES;
				CLANG_WARN_CONSTANT_CONVERSION = YES;
				CLANG_WARN_DIRECT_OBJC_ISA_USAGE = YES_ERROR;
				CLANG_WARN_EMPTY_BODY = YES;
				CLANG_WARN_ENUM_CONVERSION = YES;
				CLANG_WARN_INT_CONVERSION = YES;
				CLANG_WARN_OBJC_ROOT_CLASS = YES_ERROR;
				CLANG_WARN_UNREACHABLE_CODE = YES;
				CLANG_WARN__DUPLICATE_METHOD_MATCH = YES;
				"CODE_SIGN_IDENTITY[sdk=iphoneos*]" = "iPhone Developer";
				COPY_PHASE_STRIP = YES;
				ENABLE_NS_ASSERTIONS = NO;
				ENABLE_STRICT_OBJC_MSGSEND = YES;
				GCC_C_LANGUAGE_STANDARD = gnu99;
				GCC_WARN_64_TO_32_BIT_CONVERSION = YES;
				GCC_WARN_ABOUT_RETURN_TYPE = YES_ERROR;
				GCC_WARN_UNDECLARED_SELECTOR = YES;
				GCC_WARN_UNINITIALIZED_AUTOS = YES_AGGRESSIVE;
				GCC_WARN_UNUSED_FUNCTION = YES;
				GCC_WARN_UNUSED_VARIABLE = YES;
				IPHONEOS_DEPLOYMENT_TARGET = 8.1;
				MTL_ENABLE_DEBUG_INFO = NO;
				SDKROOT = iphoneos;
				VALIDATE_PRODUCT = YES;
			};
			name = Release;
		};
		17CF529C1AA5F8F6001C7E65 /* Debug */ = {
			isa = XCBuildConfiguration;
			buildSettings = {
				ASSETCATALOG_COMPILER_APPICON_NAME = AppIcon;
				CODE_SIGN_ENTITLEMENTS = Data/Data.entitlements;
				CODE_SIGN_IDENTITY = "iPhone Developer: David TARDIVEAU (VQ6GTVFA5Q)";
				"CODE_SIGN_IDENTITY[sdk=iphoneos*]" = "iPhone Developer: David TARDIVEAU (VQ6GTVFA5Q)";
				FRAMEWORK_SEARCH_PATHS = (
					"$(inherited)",
					/Users/lowki/Downloads/ParseExample,
					"$(PROJECT_DIR)",
				);
				GCC_PRECOMPILE_PREFIX_HEADER = YES;
				GCC_PREFIX_HEADER = Data/PrefixHeader.pch;
				INFOPLIST_FILE = Data/Info.plist;
				IPHONEOS_DEPLOYMENT_TARGET = 8.1;
				LD_RUNPATH_SEARCH_PATHS = "$(inherited) @executable_path/Frameworks";
				PRODUCT_NAME = "$(TARGET_NAME)";
				PROVISIONING_PROFILE = "44b22519-b4a4-428c-8c92-64a9d3e73398";
			};
			name = Debug;
		};
		17CF529D1AA5F8F6001C7E65 /* Release */ = {
			isa = XCBuildConfiguration;
			buildSettings = {
				ASSETCATALOG_COMPILER_APPICON_NAME = AppIcon;
				CODE_SIGN_ENTITLEMENTS = Data/Data.entitlements;
				CODE_SIGN_IDENTITY = "iPhone Developer: David TARDIVEAU (VQ6GTVFA5Q)";
				"CODE_SIGN_IDENTITY[sdk=iphoneos*]" = "iPhone Developer: David TARDIVEAU (VQ6GTVFA5Q)";
				FRAMEWORK_SEARCH_PATHS = (
					"$(inherited)",
					/Users/lowki/Downloads/ParseExample,
					"$(PROJECT_DIR)",
				);
				GCC_PRECOMPILE_PREFIX_HEADER = YES;
				GCC_PREFIX_HEADER = Data/PrefixHeader.pch;
				INFOPLIST_FILE = Data/Info.plist;
				IPHONEOS_DEPLOYMENT_TARGET = 8.1;
				LD_RUNPATH_SEARCH_PATHS = "$(inherited) @executable_path/Frameworks";
				PRODUCT_NAME = "$(TARGET_NAME)";
				PROVISIONING_PROFILE = "44b22519-b4a4-428c-8c92-64a9d3e73398";
			};
			name = Release;
		};
		17CF529F1AA5F8F6001C7E65 /* Debug */ = {
			isa = XCBuildConfiguration;
			buildSettings = {
				BUNDLE_LOADER = "$(TEST_HOST)";
				FRAMEWORK_SEARCH_PATHS = (
					"$(SDKROOT)/Developer/Library/Frameworks",
					"$(inherited)",
				);
				GCC_PREPROCESSOR_DEFINITIONS = (
					"DEBUG=1",
					"$(inherited)",
				);
				INFOPLIST_FILE = DataTests/Info.plist;
				LD_RUNPATH_SEARCH_PATHS = "$(inherited) @executable_path/Frameworks @loader_path/Frameworks";
				PRODUCT_NAME = "$(TARGET_NAME)";
				TEST_HOST = "$(BUILT_PRODUCTS_DIR)/Data.app/Data";
			};
			name = Debug;
		};
		17CF52A01AA5F8F6001C7E65 /* Release */ = {
			isa = XCBuildConfiguration;
			buildSettings = {
				BUNDLE_LOADER = "$(TEST_HOST)";
				FRAMEWORK_SEARCH_PATHS = (
					"$(SDKROOT)/Developer/Library/Frameworks",
					"$(inherited)",
				);
				INFOPLIST_FILE = DataTests/Info.plist;
				LD_RUNPATH_SEARCH_PATHS = "$(inherited) @executable_path/Frameworks @loader_path/Frameworks";
				PRODUCT_NAME = "$(TARGET_NAME)";
				TEST_HOST = "$(BUILT_PRODUCTS_DIR)/Data.app/Data";
			};
			name = Release;
		};
/* End XCBuildConfiguration section */

/* Begin XCConfigurationList section */
		17CF52731AA5F8F6001C7E65 /* Build configuration list for PBXProject "Data" */ = {
			isa = XCConfigurationList;
			buildConfigurations = (
				17CF52991AA5F8F6001C7E65 /* Debug */,
				17CF529A1AA5F8F6001C7E65 /* Release */,
			);
			defaultConfigurationIsVisible = 0;
			defaultConfigurationName = Release;
		};
		17CF529B1AA5F8F6001C7E65 /* Build configuration list for PBXNativeTarget "Data" */ = {
			isa = XCConfigurationList;
			buildConfigurations = (
				17CF529C1AA5F8F6001C7E65 /* Debug */,
				17CF529D1AA5F8F6001C7E65 /* Release */,
			);
			defaultConfigurationIsVisible = 0;
			defaultConfigurationName = Release;
		};
		17CF529E1AA5F8F6001C7E65 /* Build configuration list for PBXNativeTarget "DataTests" */ = {
			isa = XCConfigurationList;
			buildConfigurations = (
				17CF529F1AA5F8F6001C7E65 /* Debug */,
				17CF52A01AA5F8F6001C7E65 /* Release */,
			);
			defaultConfigurationIsVisible = 0;
			defaultConfigurationName = Release;
		};
/* End XCConfigurationList section */
	};
	rootObject = 17CF52701AA5F8F6001C7E65 /* Project object */;
}
