// !$*UTF8*$!
{
	archiveVersion = 1;
	classes = {
	};
	objectVersion = 46;
	objects = {

/* Begin PBXBuildFile section */
		170135F11B09C98700B10C42 /* CustomSegue.m in Sources */ = {isa = PBXBuildFile; fileRef = 170135F01B09C98700B10C42 /* CustomSegue.m */; };
		17169B7F1AF22C6D00321300 /* DataViewController.m in Sources */ = {isa = PBXBuildFile; fileRef = 17169B7E1AF22C6D00321300 /* DataViewController.m */; };
		171712041B290565005F8B71 /* LoaderView.m in Sources */ = {isa = PBXBuildFile; fileRef = 171712031B290565005F8B71 /* LoaderView.m */; };
		1737EFA01ADFF296002E4811 /* TimeLineView.m in Sources */ = {isa = PBXBuildFile; fileRef = 1737EF9F1ADFF296002E4811 /* TimeLineView.m */; };
		1738927C1B2A38A10063DCA3 /* HomeView.m in Sources */ = {isa = PBXBuildFile; fileRef = 1738927B1B2A38A10063DCA3 /* HomeView.m */; };
		173892801B2A46080063DCA3 /* LoginView.m in Sources */ = {isa = PBXBuildFile; fileRef = 1738927F1B2A46080063DCA3 /* LoginView.m */; };
		173892841B2A4E570063DCA3 /* SignUpView.m in Sources */ = {isa = PBXBuildFile; fileRef = 173892831B2A4E570063DCA3 /* SignUpView.m */; };
		173B2FB61AF3E60500A71BA5 /* ChooseDayViewController.m in Sources */ = {isa = PBXBuildFile; fileRef = 173B2FB51AF3E60500A71BA5 /* ChooseDayViewController.m */; };
		174598DA1AEF85A6002606CD /* AudioToolbox.framework in Frameworks */ = {isa = PBXBuildFile; fileRef = 174598D91AEF85A6002606CD /* AudioToolbox.framework */; };
		174598DC1AEF85AF002606CD /* CFNetwork.framework in Frameworks */ = {isa = PBXBuildFile; fileRef = 174598DB1AEF85AF002606CD /* CFNetwork.framework */; };
		174598DE1AEF85C6002606CD /* CoreGraphics.framework in Frameworks */ = {isa = PBXBuildFile; fileRef = 174598DD1AEF85C6002606CD /* CoreGraphics.framework */; };
		174598E01AEF85CF002606CD /* MobileCoreServices.framework in Frameworks */ = {isa = PBXBuildFile; fileRef = 174598DF1AEF85CF002606CD /* MobileCoreServices.framework */; };
		174598E21AEF85DC002606CD /* QuartzCore.framework in Frameworks */ = {isa = PBXBuildFile; fileRef = 174598E11AEF85DC002606CD /* QuartzCore.framework */; };
		174598E41AEF85E3002606CD /* Security.framework in Frameworks */ = {isa = PBXBuildFile; fileRef = 174598E31AEF85E3002606CD /* Security.framework */; };
		1756E5011AD5F8B8006CA988 /* Day.m in Sources */ = {isa = PBXBuildFile; fileRef = 1756E5001AD5F8B8006CA988 /* Day.m */; };
		175B5D9C1B2B036D0007D4C2 /* CaptationImageView.m in Sources */ = {isa = PBXBuildFile; fileRef = 175B5D9B1B2B036D0007D4C2 /* CaptationImageView.m */; };
		175B5DA01B2B03C40007D4C2 /* TestViewController.m in Sources */ = {isa = PBXBuildFile; fileRef = 175B5D9F1B2B03C40007D4C2 /* TestViewController.m */; };
		176476791AF6D401007657DB /* DataInformationView.m in Sources */ = {isa = PBXBuildFile; fileRef = 176476781AF6D401007657DB /* DataInformationView.m */; };
		176AF5071B21CAF0000235AF /* CustomButton.m in Sources */ = {isa = PBXBuildFile; fileRef = 176AF5061B21CAF0000235AF /* CustomButton.m */; };
		176AF50D1B21D333000235AF /* ClickImageView.m in Sources */ = {isa = PBXBuildFile; fileRef = 176AF50C1B21D333000235AF /* ClickImageView.m */; };
		176AF5101B21E5E3000235AF /* HomeViewController.m in Sources */ = {isa = PBXBuildFile; fileRef = 176AF50F1B21E5E3000235AF /* HomeViewController.m */; };
		176AF5CC1B232B55000235AF /* SplashScreenViewController.m in Sources */ = {isa = PBXBuildFile; fileRef = 176AF5CB1B232B55000235AF /* SplashScreenViewController.m */; };
		177138D41AADFA01002AFEF0 /* ApiController.m in Sources */ = {isa = PBXBuildFile; fileRef = 177138D31AADFA01002AFEF0 /* ApiController.m */; };
		1771BF001AF27A8F000D4D89 /* PairingViewController.m in Sources */ = {isa = PBXBuildFile; fileRef = 1771BEFF1AF27A8F000D4D89 /* PairingViewController.m */; };
		1771BF031AF2820E000D4D89 /* GeolocViewController.m in Sources */ = {isa = PBXBuildFile; fileRef = 1771BF021AF2820E000D4D89 /* GeolocViewController.m */; };
		179883191B1B869A002F64EA /* TutorialPullUpView.m in Sources */ = {isa = PBXBuildFile; fileRef = 179883181B1B869A002F64EA /* TutorialPullUpView.m */; };
		17A77E4B1B284388001FE7AC /* MediaPlayer.framework in Frameworks */ = {isa = PBXBuildFile; fileRef = 17A77E4A1B284388001FE7AC /* MediaPlayer.framework */; };
		17A77E521B284A6B001FE7AC /* PlayerView.m in Sources */ = {isa = PBXBuildFile; fileRef = 17A77E511B284A6B001FE7AC /* PlayerView.m */; };
		17A77E581B286414001FE7AC /* home.mp4 in Resources */ = {isa = PBXBuildFile; fileRef = 17A77E571B28640D001FE7AC /* home.mp4 */; };
		17A77E591B286414001FE7AC /* splash_screen.mp4 in Resources */ = {isa = PBXBuildFile; fileRef = 17A77E561B2863D4001FE7AC /* splash_screen.mp4 */; };
		17A77E5E1B28739F001FE7AC /* ground.mp4 in Resources */ = {isa = PBXBuildFile; fileRef = 17A77E5D1B28738D001FE7AC /* ground.mp4 */; };
		17A8C6EC1B20B6BF005E9E8F /* customPageControl.m in Sources */ = {isa = PBXBuildFile; fileRef = 17A8C6EB1B20B6BF005E9E8F /* customPageControl.m */; };
		17AFE6831AF6C15200CDD08F /* DataView.m in Sources */ = {isa = PBXBuildFile; fileRef = 17AFE6821AF6C15200CDD08F /* DataView.m */; };
		17BF33F21B147B50009B6190 /* TutorialViewController.m in Sources */ = {isa = PBXBuildFile; fileRef = 17BF33F11B147B50009B6190 /* TutorialViewController.m */; };
		17BF33F41B167D43009B6190 /* tutorialExperience.json in Resources */ = {isa = PBXBuildFile; fileRef = 17BF33F31B167D43009B6190 /* tutorialExperience.json */; };
		17CF527E1AA5F8F6001C7E65 /* main.m in Sources */ = {isa = PBXBuildFile; fileRef = 17CF527D1AA5F8F6001C7E65 /* main.m */; };
		17CF52811AA5F8F6001C7E65 /* AppDelegate.m in Sources */ = {isa = PBXBuildFile; fileRef = 17CF52801AA5F8F6001C7E65 /* AppDelegate.m */; };
		17CF52871AA5F8F6001C7E65 /* Main.storyboard in Resources */ = {isa = PBXBuildFile; fileRef = 17CF52851AA5F8F6001C7E65 /* Main.storyboard */; };
		17CF52891AA5F8F6001C7E65 /* Images.xcassets in Resources */ = {isa = PBXBuildFile; fileRef = 17CF52881AA5F8F6001C7E65 /* Images.xcassets */; };
		17CF528C1AA5F8F6001C7E65 /* LaunchScreen.xib in Resources */ = {isa = PBXBuildFile; fileRef = 17CF528A1AA5F8F6001C7E65 /* LaunchScreen.xib */; };
		17CF52981AA5F8F6001C7E65 /* in-FormTests.m in Sources */ = {isa = PBXBuildFile; fileRef = 17CF52971AA5F8F6001C7E65 /* in-FormTests.m */; };
		17CF52A21AA5FB64001C7E65 /* CoreLocation.framework in Frameworks */ = {isa = PBXBuildFile; fileRef = 17CF52A11AA5FB64001C7E65 /* CoreLocation.framework */; };
		17CF52A51AA5FE68001C7E65 /* HealthKit.framework in Frameworks */ = {isa = PBXBuildFile; fileRef = 17CF52A41AA5FE68001C7E65 /* HealthKit.framework */; };
		17EB16FE1B17C34A00BCC444 /* clic_0_0.png in Resources */ = {isa = PBXBuildFile; fileRef = 17EB16D81B17C34A00BCC444 /* clic_0_0.png */; };
		17EB16FF1B17C34A00BCC444 /* clic_0_1.png in Resources */ = {isa = PBXBuildFile; fileRef = 17EB16D91B17C34A00BCC444 /* clic_0_1.png */; };
		17EB17001B17C34A00BCC444 /* clic_0_2.png in Resources */ = {isa = PBXBuildFile; fileRef = 17EB16DA1B17C34A00BCC444 /* clic_0_2.png */; };
		17EB17011B17C34A00BCC444 /* clic_0_3.png in Resources */ = {isa = PBXBuildFile; fileRef = 17EB16DB1B17C34A00BCC444 /* clic_0_3.png */; };
		17EB17021B17C34A00BCC444 /* clic_0_4.png in Resources */ = {isa = PBXBuildFile; fileRef = 17EB16DC1B17C34A00BCC444 /* clic_0_4.png */; };
		17EB17031B17C34A00BCC444 /* clic_0_5.png in Resources */ = {isa = PBXBuildFile; fileRef = 17EB16DD1B17C34A00BCC444 /* clic_0_5.png */; };
		17EB17041B17C34A00BCC444 /* clic_0_6.png in Resources */ = {isa = PBXBuildFile; fileRef = 17EB16DE1B17C34A00BCC444 /* clic_0_6.png */; };
		17EB17051B17C34A00BCC444 /* clic_0_7.png in Resources */ = {isa = PBXBuildFile; fileRef = 17EB16DF1B17C34A00BCC444 /* clic_0_7.png */; };
		17EB17061B17C34A00BCC444 /* clic_0_8.png in Resources */ = {isa = PBXBuildFile; fileRef = 17EB16E01B17C34A00BCC444 /* clic_0_8.png */; };
		17EB17071B17C34A00BCC444 /* clic_0_9.png in Resources */ = {isa = PBXBuildFile; fileRef = 17EB16E11B17C34A00BCC444 /* clic_0_9.png */; };
		17EB17081B17C34A00BCC444 /* clic_0_10.png in Resources */ = {isa = PBXBuildFile; fileRef = 17EB16E21B17C34A00BCC444 /* clic_0_10.png */; };
		17EB17091B17C34A00BCC444 /* clic_0_11.png in Resources */ = {isa = PBXBuildFile; fileRef = 17EB16E31B17C34A00BCC444 /* clic_0_11.png */; };
		17EB170A1B17C34A00BCC444 /* clic_0_12.png in Resources */ = {isa = PBXBuildFile; fileRef = 17EB16E41B17C34A00BCC444 /* clic_0_12.png */; };
		17EB170B1B17C34A00BCC444 /* clic_0_13.png in Resources */ = {isa = PBXBuildFile; fileRef = 17EB16E51B17C34A00BCC444 /* clic_0_13.png */; };
		17EB170C1B17C34A00BCC444 /* clic_0_14.png in Resources */ = {isa = PBXBuildFile; fileRef = 17EB16E61B17C34A00BCC444 /* clic_0_14.png */; };
		17EB170D1B17C34A00BCC444 /* clic_0_15.png in Resources */ = {isa = PBXBuildFile; fileRef = 17EB16E71B17C34A00BCC444 /* clic_0_15.png */; };
		17EB170E1B17C34A00BCC444 /* clic_0_16.png in Resources */ = {isa = PBXBuildFile; fileRef = 17EB16E81B17C34A00BCC444 /* clic_0_16.png */; };
		17EB170F1B17C34A00BCC444 /* clic_0_17.png in Resources */ = {isa = PBXBuildFile; fileRef = 17EB16E91B17C34A00BCC444 /* clic_0_17.png */; };
		17EB17101B17C34A00BCC444 /* clic_0_18.png in Resources */ = {isa = PBXBuildFile; fileRef = 17EB16EA1B17C34A00BCC444 /* clic_0_18.png */; };
		17EB17111B17C34A00BCC444 /* clic_0_19.png in Resources */ = {isa = PBXBuildFile; fileRef = 17EB16EB1B17C34A00BCC444 /* clic_0_19.png */; };
		17EB17121B17C34A00BCC444 /* clic_0_20.png in Resources */ = {isa = PBXBuildFile; fileRef = 17EB16EC1B17C34A00BCC444 /* clic_0_20.png */; };
		17EB17131B17C34A00BCC444 /* clic_0_21.png in Resources */ = {isa = PBXBuildFile; fileRef = 17EB16ED1B17C34A00BCC444 /* clic_0_21.png */; };
		17EB17141B17C34A00BCC444 /* clic_0_22.png in Resources */ = {isa = PBXBuildFile; fileRef = 17EB16EE1B17C34A00BCC444 /* clic_0_22.png */; };
		17EB17151B17C34A00BCC444 /* clic_0_23.png in Resources */ = {isa = PBXBuildFile; fileRef = 17EB16EF1B17C34A00BCC444 /* clic_0_23.png */; };
		17EB17161B17C34A00BCC444 /* clic_0_24.png in Resources */ = {isa = PBXBuildFile; fileRef = 17EB16F01B17C34A00BCC444 /* clic_0_24.png */; };
		17EB17171B17C34A00BCC444 /* clic_0_25.png in Resources */ = {isa = PBXBuildFile; fileRef = 17EB16F11B17C34A00BCC444 /* clic_0_25.png */; };
		17EB17181B17C34A00BCC444 /* clic_0_26.png in Resources */ = {isa = PBXBuildFile; fileRef = 17EB16F21B17C34A00BCC444 /* clic_0_26.png */; };
		17EB17191B17C34A00BCC444 /* clic_0_27.png in Resources */ = {isa = PBXBuildFile; fileRef = 17EB16F31B17C34A00BCC444 /* clic_0_27.png */; };
		17EB171A1B17C34A00BCC444 /* clic_0_28.png in Resources */ = {isa = PBXBuildFile; fileRef = 17EB16F41B17C34A00BCC444 /* clic_0_28.png */; };
		17EB171B1B17C34A00BCC444 /* clic_0_29.png in Resources */ = {isa = PBXBuildFile; fileRef = 17EB16F51B17C34A00BCC444 /* clic_0_29.png */; };
		17EB171C1B17C34A00BCC444 /* clic_0_30.png in Resources */ = {isa = PBXBuildFile; fileRef = 17EB16F61B17C34A00BCC444 /* clic_0_30.png */; };
		17EB171D1B17C34A00BCC444 /* clic_0_31.png in Resources */ = {isa = PBXBuildFile; fileRef = 17EB16F71B17C34A00BCC444 /* clic_0_31.png */; };
		17EB171E1B17C34A00BCC444 /* clic_0_32.png in Resources */ = {isa = PBXBuildFile; fileRef = 17EB16F81B17C34A00BCC444 /* clic_0_32.png */; };
		17EB171F1B17C34A00BCC444 /* clic_0_33.png in Resources */ = {isa = PBXBuildFile; fileRef = 17EB16F91B17C34A00BCC444 /* clic_0_33.png */; };
		17EB17201B17C34A00BCC444 /* clic_0_34.png in Resources */ = {isa = PBXBuildFile; fileRef = 17EB16FA1B17C34A00BCC444 /* clic_0_34.png */; };
		17EB17211B17C34A00BCC444 /* clic_0_35.png in Resources */ = {isa = PBXBuildFile; fileRef = 17EB16FB1B17C34A00BCC444 /* clic_0_35.png */; };
		17EB17221B17C34A00BCC444 /* clic_0_36.png in Resources */ = {isa = PBXBuildFile; fileRef = 17EB16FC1B17C34A00BCC444 /* clic_0_36.png */; };
		17EB17231B17C34A00BCC444 /* clic_0_37.png in Resources */ = {isa = PBXBuildFile; fileRef = 17EB16FD1B17C34A00BCC444 /* clic_0_37.png */; };
		1DAA690938C15EBBA6651334 /* libPods.a in Frameworks */ = {isa = PBXBuildFile; fileRef = 10BC74DE36AF14F6E3863A59 /* libPods.a */; };
		A81789371ABC1756004319BA /* libz.dylib in Frameworks */ = {isa = PBXBuildFile; fileRef = A81789361ABC1756004319BA /* libz.dylib */; };
		A81789451ABC1D34004319BA /* ioapi.c in Sources */ = {isa = PBXBuildFile; fileRef = A817893B1ABC1D34004319BA /* ioapi.c */; };
		A81789461ABC1D34004319BA /* mztools.c in Sources */ = {isa = PBXBuildFile; fileRef = A817893D1ABC1D34004319BA /* mztools.c */; };
		A81789471ABC1D34004319BA /* unzip.c in Sources */ = {isa = PBXBuildFile; fileRef = A817893F1ABC1D34004319BA /* unzip.c */; };
		A81789481ABC1D34004319BA /* zip.c in Sources */ = {isa = PBXBuildFile; fileRef = A81789411ABC1D34004319BA /* zip.c */; };
		A81789491ABC1D34004319BA /* SSZipArchive.m in Sources */ = {isa = PBXBuildFile; fileRef = A81789441ABC1D34004319BA /* SSZipArchive.m */; };
		A89AA8F61ADBEF0F004AC207 /* BaseViewController.m in Sources */ = {isa = PBXBuildFile; fileRef = A89AA8F51ADBEF0F004AC207 /* BaseViewController.m */; };
		A8D391F71ACD69020062BABD /* User.m in Sources */ = {isa = PBXBuildFile; fileRef = A8D391F61ACD69020062BABD /* User.m */; };
		A8DE94311ACEDA6D00EF1EDC /* Experience.m in Sources */ = {isa = PBXBuildFile; fileRef = A8DE94301ACEDA6D00EF1EDC /* Experience.m */; };
		A8DE94341ACEDDCE00EF1EDC /* Data.m in Sources */ = {isa = PBXBuildFile; fileRef = A8DE94331ACEDDCE00EF1EDC /* Data.m */; };
		A8DFAF7E1ADBBEC00028502C /* Akkurat Mono Regular.otf in Resources */ = {isa = PBXBuildFile; fileRef = A8DFAF671ADBBEC00028502C /* Akkurat Mono Regular.otf */; };
		A8DFAF7F1ADBBEC00028502C /* GT-Sectra-Fine-Black-Italic.ttf in Resources */ = {isa = PBXBuildFile; fileRef = A8DFAF691ADBBEC00028502C /* GT-Sectra-Fine-Black-Italic.ttf */; };
		A8DFAF801ADBBEC00028502C /* GT-Sectra-Fine-Black.ttf in Resources */ = {isa = PBXBuildFile; fileRef = A8DFAF6A1ADBBEC00028502C /* GT-Sectra-Fine-Black.ttf */; };
		A8DFAF811ADBBEC00028502C /* GT-Sectra-Fine-Bold-Italic.ttf in Resources */ = {isa = PBXBuildFile; fileRef = A8DFAF6B1ADBBEC00028502C /* GT-Sectra-Fine-Bold-Italic.ttf */; };
		A8DFAF821ADBBEC00028502C /* GT-Sectra-Fine-Bold.ttf in Resources */ = {isa = PBXBuildFile; fileRef = A8DFAF6C1ADBBEC00028502C /* GT-Sectra-Fine-Bold.ttf */; };
		A8DFAF831ADBBEC00028502C /* GT-Sectra-Fine-Book-Italic.ttf in Resources */ = {isa = PBXBuildFile; fileRef = A8DFAF6D1ADBBEC00028502C /* GT-Sectra-Fine-Book-Italic.ttf */; };
		A8DFAF841ADBBEC00028502C /* GT-Sectra-Fine-Book.ttf in Resources */ = {isa = PBXBuildFile; fileRef = A8DFAF6E1ADBBEC00028502C /* GT-Sectra-Fine-Book.ttf */; };
		A8DFAF851ADBBEC00028502C /* GT-Sectra-Fine-Medium-Italic.ttf in Resources */ = {isa = PBXBuildFile; fileRef = A8DFAF6F1ADBBEC00028502C /* GT-Sectra-Fine-Medium-Italic.ttf */; };
		A8DFAF861ADBBEC00028502C /* GT-Sectra-Fine-Medium.ttf in Resources */ = {isa = PBXBuildFile; fileRef = A8DFAF701ADBBEC00028502C /* GT-Sectra-Fine-Medium.ttf */; };
		A8DFAF871ADBBEC00028502C /* GT-Sectra-Fine-Regular-Italic.ttf in Resources */ = {isa = PBXBuildFile; fileRef = A8DFAF711ADBBEC00028502C /* GT-Sectra-Fine-Regular-Italic.ttf */; };
		A8DFAF881ADBBEC00028502C /* GT-Sectra-Fine-Regular.ttf in Resources */ = {isa = PBXBuildFile; fileRef = A8DFAF721ADBBEC00028502C /* GT-Sectra-Fine-Regular.ttf */; };
		A8DFAF891ADBBEC00028502C /* MaisonNeue-Bold.ttf in Resources */ = {isa = PBXBuildFile; fileRef = A8DFAF741ADBBEC00028502C /* MaisonNeue-Bold.ttf */; };
		A8DFAF8A1ADBBEC00028502C /* MaisonNeue-BoldItalic.ttf in Resources */ = {isa = PBXBuildFile; fileRef = A8DFAF751ADBBEC00028502C /* MaisonNeue-BoldItalic.ttf */; };
		A8DFAF8B1ADBBEC00028502C /* MaisonNeue-Book.ttf in Resources */ = {isa = PBXBuildFile; fileRef = A8DFAF761ADBBEC00028502C /* MaisonNeue-Book.ttf */; };
		A8DFAF8C1ADBBEC00028502C /* MaisonNeue-BookItalic.ttf in Resources */ = {isa = PBXBuildFile; fileRef = A8DFAF771ADBBEC00028502C /* MaisonNeue-BookItalic.ttf */; };
		A8DFAF8D1ADBBEC00028502C /* MaisonNeue-Demi.ttf in Resources */ = {isa = PBXBuildFile; fileRef = A8DFAF781ADBBEC00028502C /* MaisonNeue-Demi.ttf */; };
		A8DFAF8E1ADBBEC00028502C /* MaisonNeue-DemiItalic.ttf in Resources */ = {isa = PBXBuildFile; fileRef = A8DFAF791ADBBEC00028502C /* MaisonNeue-DemiItalic.ttf */; };
		A8DFAF8F1ADBBEC00028502C /* MaisonNeue-Light.ttf in Resources */ = {isa = PBXBuildFile; fileRef = A8DFAF7A1ADBBEC00028502C /* MaisonNeue-Light.ttf */; };
		A8DFAF901ADBBEC00028502C /* MaisonNeue-LightItalic.ttf in Resources */ = {isa = PBXBuildFile; fileRef = A8DFAF7B1ADBBEC00028502C /* MaisonNeue-LightItalic.ttf */; };
		A8DFAF911ADBBEC00028502C /* MaisonNeue-Medium.ttf in Resources */ = {isa = PBXBuildFile; fileRef = A8DFAF7C1ADBBEC00028502C /* MaisonNeue-Medium.ttf */; };
		A8DFAF921ADBBEC00028502C /* MaisonNeue-MediumItalic.ttf in Resources */ = {isa = PBXBuildFile; fileRef = A8DFAF7D1ADBBEC00028502C /* MaisonNeue-MediumItalic.ttf */; };
/* End PBXBuildFile section */

/* Begin PBXContainerItemProxy section */
		17CF52921AA5F8F6001C7E65 /* PBXContainerItemProxy */ = {
			isa = PBXContainerItemProxy;
			containerPortal = 17CF52701AA5F8F6001C7E65 /* Project object */;
			proxyType = 1;
			remoteGlobalIDString = 17CF52771AA5F8F6001C7E65;
			remoteInfo = Data;
		};
/* End PBXContainerItemProxy section */

/* Begin PBXFileReference section */
		10BC74DE36AF14F6E3863A59 /* libPods.a */ = {isa = PBXFileReference; explicitFileType = archive.ar; includeInIndex = 0; path = libPods.a; sourceTree = BUILT_PRODUCTS_DIR; };
		170135EF1B09C98700B10C42 /* CustomSegue.h */ = {isa = PBXFileReference; fileEncoding = 4; lastKnownFileType = sourcecode.c.h; path = CustomSegue.h; sourceTree = "<group>"; };
		170135F01B09C98700B10C42 /* CustomSegue.m */ = {isa = PBXFileReference; fileEncoding = 4; lastKnownFileType = sourcecode.c.objc; path = CustomSegue.m; sourceTree = "<group>"; };
		17169B7D1AF22C6D00321300 /* DataViewController.h */ = {isa = PBXFileReference; fileEncoding = 4; lastKnownFileType = sourcecode.c.h; path = DataViewController.h; sourceTree = "<group>"; };
		17169B7E1AF22C6D00321300 /* DataViewController.m */ = {isa = PBXFileReference; fileEncoding = 4; lastKnownFileType = sourcecode.c.objc; path = DataViewController.m; sourceTree = "<group>"; };
		171712021B290565005F8B71 /* LoaderView.h */ = {isa = PBXFileReference; fileEncoding = 4; lastKnownFileType = sourcecode.c.h; path = LoaderView.h; sourceTree = "<group>"; };
		171712031B290565005F8B71 /* LoaderView.m */ = {isa = PBXFileReference; fileEncoding = 4; lastKnownFileType = sourcecode.c.objc; path = LoaderView.m; sourceTree = "<group>"; };
		1737EF9E1ADFF296002E4811 /* TimeLineView.h */ = {isa = PBXFileReference; fileEncoding = 4; lastKnownFileType = sourcecode.c.h; path = TimeLineView.h; sourceTree = "<group>"; };
		1737EF9F1ADFF296002E4811 /* TimeLineView.m */ = {isa = PBXFileReference; fileEncoding = 4; lastKnownFileType = sourcecode.c.objc; path = TimeLineView.m; sourceTree = "<group>"; };
		1738927A1B2A38A10063DCA3 /* HomeView.h */ = {isa = PBXFileReference; fileEncoding = 4; lastKnownFileType = sourcecode.c.h; path = HomeView.h; sourceTree = "<group>"; };
		1738927B1B2A38A10063DCA3 /* HomeView.m */ = {isa = PBXFileReference; fileEncoding = 4; lastKnownFileType = sourcecode.c.objc; path = HomeView.m; sourceTree = "<group>"; };
		1738927E1B2A46080063DCA3 /* LoginView.h */ = {isa = PBXFileReference; fileEncoding = 4; lastKnownFileType = sourcecode.c.h; path = LoginView.h; sourceTree = "<group>"; };
		1738927F1B2A46080063DCA3 /* LoginView.m */ = {isa = PBXFileReference; fileEncoding = 4; lastKnownFileType = sourcecode.c.objc; path = LoginView.m; sourceTree = "<group>"; };
		173892821B2A4E570063DCA3 /* SignUpView.h */ = {isa = PBXFileReference; fileEncoding = 4; lastKnownFileType = sourcecode.c.h; path = SignUpView.h; sourceTree = "<group>"; };
		173892831B2A4E570063DCA3 /* SignUpView.m */ = {isa = PBXFileReference; fileEncoding = 4; lastKnownFileType = sourcecode.c.objc; path = SignUpView.m; sourceTree = "<group>"; };
		173B2FB41AF3E60500A71BA5 /* ChooseDayViewController.h */ = {isa = PBXFileReference; fileEncoding = 4; lastKnownFileType = sourcecode.c.h; path = ChooseDayViewController.h; sourceTree = "<group>"; };
		173B2FB51AF3E60500A71BA5 /* ChooseDayViewController.m */ = {isa = PBXFileReference; fileEncoding = 4; lastKnownFileType = sourcecode.c.objc; path = ChooseDayViewController.m; sourceTree = "<group>"; };
		174598D91AEF85A6002606CD /* AudioToolbox.framework */ = {isa = PBXFileReference; lastKnownFileType = wrapper.framework; name = AudioToolbox.framework; path = System/Library/Frameworks/AudioToolbox.framework; sourceTree = SDKROOT; };
		174598DB1AEF85AF002606CD /* CFNetwork.framework */ = {isa = PBXFileReference; lastKnownFileType = wrapper.framework; name = CFNetwork.framework; path = System/Library/Frameworks/CFNetwork.framework; sourceTree = SDKROOT; };
		174598DD1AEF85C6002606CD /* CoreGraphics.framework */ = {isa = PBXFileReference; lastKnownFileType = wrapper.framework; name = CoreGraphics.framework; path = System/Library/Frameworks/CoreGraphics.framework; sourceTree = SDKROOT; };
		174598DF1AEF85CF002606CD /* MobileCoreServices.framework */ = {isa = PBXFileReference; lastKnownFileType = wrapper.framework; name = MobileCoreServices.framework; path = System/Library/Frameworks/MobileCoreServices.framework; sourceTree = SDKROOT; };
		174598E11AEF85DC002606CD /* QuartzCore.framework */ = {isa = PBXFileReference; lastKnownFileType = wrapper.framework; name = QuartzCore.framework; path = System/Library/Frameworks/QuartzCore.framework; sourceTree = SDKROOT; };
		174598E31AEF85E3002606CD /* Security.framework */ = {isa = PBXFileReference; lastKnownFileType = wrapper.framework; name = Security.framework; path = System/Library/Frameworks/Security.framework; sourceTree = SDKROOT; };
		1756E4FF1AD5F8B8006CA988 /* Day.h */ = {isa = PBXFileReference; fileEncoding = 4; lastKnownFileType = sourcecode.c.h; path = Day.h; sourceTree = "<group>"; };
		1756E5001AD5F8B8006CA988 /* Day.m */ = {isa = PBXFileReference; fileEncoding = 4; lastKnownFileType = sourcecode.c.objc; path = Day.m; sourceTree = "<group>"; };
		175B5D9A1B2B036D0007D4C2 /* CaptationImageView.h */ = {isa = PBXFileReference; fileEncoding = 4; lastKnownFileType = sourcecode.c.h; path = CaptationImageView.h; sourceTree = "<group>"; };
		175B5D9B1B2B036D0007D4C2 /* CaptationImageView.m */ = {isa = PBXFileReference; fileEncoding = 4; lastKnownFileType = sourcecode.c.objc; path = CaptationImageView.m; sourceTree = "<group>"; };
		175B5D9E1B2B03C40007D4C2 /* TestViewController.h */ = {isa = PBXFileReference; fileEncoding = 4; lastKnownFileType = sourcecode.c.h; path = TestViewController.h; sourceTree = "<group>"; };
		175B5D9F1B2B03C40007D4C2 /* TestViewController.m */ = {isa = PBXFileReference; fileEncoding = 4; lastKnownFileType = sourcecode.c.objc; path = TestViewController.m; sourceTree = "<group>"; };
		176476771AF6D401007657DB /* DataInformationView.h */ = {isa = PBXFileReference; fileEncoding = 4; lastKnownFileType = sourcecode.c.h; path = DataInformationView.h; sourceTree = "<group>"; };
		176476781AF6D401007657DB /* DataInformationView.m */ = {isa = PBXFileReference; fileEncoding = 4; lastKnownFileType = sourcecode.c.objc; path = DataInformationView.m; sourceTree = "<group>"; };
		176AF5051B21CAF0000235AF /* CustomButton.h */ = {isa = PBXFileReference; fileEncoding = 4; lastKnownFileType = sourcecode.c.h; path = CustomButton.h; sourceTree = "<group>"; };
		176AF5061B21CAF0000235AF /* CustomButton.m */ = {isa = PBXFileReference; fileEncoding = 4; lastKnownFileType = sourcecode.c.objc; path = CustomButton.m; sourceTree = "<group>"; };
		176AF50B1B21D333000235AF /* ClickImageView.h */ = {isa = PBXFileReference; fileEncoding = 4; lastKnownFileType = sourcecode.c.h; path = ClickImageView.h; sourceTree = "<group>"; };
		176AF50C1B21D333000235AF /* ClickImageView.m */ = {isa = PBXFileReference; fileEncoding = 4; lastKnownFileType = sourcecode.c.objc; path = ClickImageView.m; sourceTree = "<group>"; };
		176AF50E1B21E5E3000235AF /* HomeViewController.h */ = {isa = PBXFileReference; fileEncoding = 4; lastKnownFileType = sourcecode.c.h; path = HomeViewController.h; sourceTree = "<group>"; };
		176AF50F1B21E5E3000235AF /* HomeViewController.m */ = {isa = PBXFileReference; fileEncoding = 4; lastKnownFileType = sourcecode.c.objc; path = HomeViewController.m; sourceTree = "<group>"; };
		176AF5CA1B232B55000235AF /* SplashScreenViewController.h */ = {isa = PBXFileReference; fileEncoding = 4; lastKnownFileType = sourcecode.c.h; path = SplashScreenViewController.h; sourceTree = "<group>"; };
		176AF5CB1B232B55000235AF /* SplashScreenViewController.m */ = {isa = PBXFileReference; fileEncoding = 4; lastKnownFileType = sourcecode.c.objc; path = SplashScreenViewController.m; sourceTree = "<group>"; };
		177138D01AADF9B3002AFEF0 /* PrefixHeader.pch */ = {isa = PBXFileReference; lastKnownFileType = sourcecode.c.h; path = PrefixHeader.pch; sourceTree = "<group>"; };
		177138D21AADFA01002AFEF0 /* ApiController.h */ = {isa = PBXFileReference; fileEncoding = 4; lastKnownFileType = sourcecode.c.h; path = ApiController.h; sourceTree = "<group>"; };
		177138D31AADFA01002AFEF0 /* ApiController.m */ = {isa = PBXFileReference; fileEncoding = 4; lastKnownFileType = sourcecode.c.objc; path = ApiController.m; sourceTree = "<group>"; };
		1771BEFE1AF27A8F000D4D89 /* PairingViewController.h */ = {isa = PBXFileReference; fileEncoding = 4; lastKnownFileType = sourcecode.c.h; path = PairingViewController.h; sourceTree = "<group>"; };
		1771BEFF1AF27A8F000D4D89 /* PairingViewController.m */ = {isa = PBXFileReference; fileEncoding = 4; lastKnownFileType = sourcecode.c.objc; path = PairingViewController.m; sourceTree = "<group>"; };
		1771BF011AF2820E000D4D89 /* GeolocViewController.h */ = {isa = PBXFileReference; fileEncoding = 4; lastKnownFileType = sourcecode.c.h; path = GeolocViewController.h; sourceTree = "<group>"; };
		1771BF021AF2820E000D4D89 /* GeolocViewController.m */ = {isa = PBXFileReference; fileEncoding = 4; lastKnownFileType = sourcecode.c.objc; path = GeolocViewController.m; sourceTree = "<group>"; };
		179883171B1B869A002F64EA /* TutorialPullUpView.h */ = {isa = PBXFileReference; fileEncoding = 4; lastKnownFileType = sourcecode.c.h; path = TutorialPullUpView.h; sourceTree = "<group>"; };
		179883181B1B869A002F64EA /* TutorialPullUpView.m */ = {isa = PBXFileReference; fileEncoding = 4; lastKnownFileType = sourcecode.c.objc; path = TutorialPullUpView.m; sourceTree = "<group>"; };
		17A77E4A1B284388001FE7AC /* MediaPlayer.framework */ = {isa = PBXFileReference; lastKnownFileType = wrapper.framework; name = MediaPlayer.framework; path = System/Library/Frameworks/MediaPlayer.framework; sourceTree = SDKROOT; };
		17A77E501B284A6B001FE7AC /* PlayerView.h */ = {isa = PBXFileReference; fileEncoding = 4; lastKnownFileType = sourcecode.c.h; path = PlayerView.h; sourceTree = "<group>"; };
		17A77E511B284A6B001FE7AC /* PlayerView.m */ = {isa = PBXFileReference; fileEncoding = 4; lastKnownFileType = sourcecode.c.objc; path = PlayerView.m; sourceTree = "<group>"; };
		17A77E561B2863D4001FE7AC /* splash_screen.mp4 */ = {isa = PBXFileReference; lastKnownFileType = file; path = splash_screen.mp4; sourceTree = "<group>"; };
		17A77E571B28640D001FE7AC /* home.mp4 */ = {isa = PBXFileReference; lastKnownFileType = file; path = home.mp4; sourceTree = "<group>"; };
		17A77E5D1B28738D001FE7AC /* ground.mp4 */ = {isa = PBXFileReference; lastKnownFileType = file; path = ground.mp4; sourceTree = "<group>"; };
		17A8C6EA1B20B6BF005E9E8F /* customPageControl.h */ = {isa = PBXFileReference; fileEncoding = 4; lastKnownFileType = sourcecode.c.h; path = customPageControl.h; sourceTree = "<group>"; };
		17A8C6EB1B20B6BF005E9E8F /* customPageControl.m */ = {isa = PBXFileReference; fileEncoding = 4; lastKnownFileType = sourcecode.c.objc; path = customPageControl.m; sourceTree = "<group>"; };
		17AFE6811AF6C15200CDD08F /* DataView.h */ = {isa = PBXFileReference; fileEncoding = 4; lastKnownFileType = sourcecode.c.h; path = DataView.h; sourceTree = "<group>"; };
		17AFE6821AF6C15200CDD08F /* DataView.m */ = {isa = PBXFileReference; fileEncoding = 4; lastKnownFileType = sourcecode.c.objc; path = DataView.m; sourceTree = "<group>"; };
		17BF33F01B147B50009B6190 /* TutorialViewController.h */ = {isa = PBXFileReference; fileEncoding = 4; lastKnownFileType = sourcecode.c.h; path = TutorialViewController.h; sourceTree = "<group>"; };
		17BF33F11B147B50009B6190 /* TutorialViewController.m */ = {isa = PBXFileReference; fileEncoding = 4; lastKnownFileType = sourcecode.c.objc; path = TutorialViewController.m; sourceTree = "<group>"; };
		17BF33F31B167D43009B6190 /* tutorialExperience.json */ = {isa = PBXFileReference; fileEncoding = 4; lastKnownFileType = text.json; path = tutorialExperience.json; sourceTree = "<group>"; };
		17CF52781AA5F8F6001C7E65 /* Data.app */ = {isa = PBXFileReference; explicitFileType = wrapper.application; includeInIndex = 0; path = Data.app; sourceTree = BUILT_PRODUCTS_DIR; };
		17CF527C1AA5F8F6001C7E65 /* Info.plist */ = {isa = PBXFileReference; lastKnownFileType = text.plist.xml; path = Info.plist; sourceTree = "<group>"; };
		17CF527D1AA5F8F6001C7E65 /* main.m */ = {isa = PBXFileReference; lastKnownFileType = sourcecode.c.objc; path = main.m; sourceTree = "<group>"; };
		17CF527F1AA5F8F6001C7E65 /* AppDelegate.h */ = {isa = PBXFileReference; lastKnownFileType = sourcecode.c.h; path = AppDelegate.h; sourceTree = "<group>"; };
		17CF52801AA5F8F6001C7E65 /* AppDelegate.m */ = {isa = PBXFileReference; lastKnownFileType = sourcecode.c.objc; path = AppDelegate.m; sourceTree = "<group>"; };
		17CF52861AA5F8F6001C7E65 /* Base */ = {isa = PBXFileReference; lastKnownFileType = file.storyboard; name = Base; path = Base.lproj/Main.storyboard; sourceTree = "<group>"; };
		17CF52881AA5F8F6001C7E65 /* Images.xcassets */ = {isa = PBXFileReference; lastKnownFileType = folder.assetcatalog; path = Images.xcassets; sourceTree = "<group>"; };
		17CF528B1AA5F8F6001C7E65 /* Base */ = {isa = PBXFileReference; lastKnownFileType = file.xib; name = Base; path = Base.lproj/LaunchScreen.xib; sourceTree = "<group>"; };
		17CF52911AA5F8F6001C7E65 /* DataTests.xctest */ = {isa = PBXFileReference; explicitFileType = wrapper.cfbundle; includeInIndex = 0; path = DataTests.xctest; sourceTree = BUILT_PRODUCTS_DIR; };
		17CF52961AA5F8F6001C7E65 /* Info.plist */ = {isa = PBXFileReference; lastKnownFileType = text.plist.xml; path = Info.plist; sourceTree = "<group>"; };
		17CF52971AA5F8F6001C7E65 /* in-FormTests.m */ = {isa = PBXFileReference; lastKnownFileType = sourcecode.c.objc; path = "in-FormTests.m"; sourceTree = "<group>"; };
		17CF52A11AA5FB64001C7E65 /* CoreLocation.framework */ = {isa = PBXFileReference; lastKnownFileType = wrapper.framework; name = CoreLocation.framework; path = System/Library/Frameworks/CoreLocation.framework; sourceTree = SDKROOT; };
		17CF52A31AA5FE68001C7E65 /* Data.entitlements */ = {isa = PBXFileReference; lastKnownFileType = text.xml; path = Data.entitlements; sourceTree = "<group>"; };
		17CF52A41AA5FE68001C7E65 /* HealthKit.framework */ = {isa = PBXFileReference; lastKnownFileType = wrapper.framework; name = HealthKit.framework; path = System/Library/Frameworks/HealthKit.framework; sourceTree = SDKROOT; };
		17EB16D81B17C34A00BCC444 /* clic_0_0.png */ = {isa = PBXFileReference; lastKnownFileType = image.png; path = clic_0_0.png; sourceTree = "<group>"; };
		17EB16D91B17C34A00BCC444 /* clic_0_1.png */ = {isa = PBXFileReference; lastKnownFileType = image.png; path = clic_0_1.png; sourceTree = "<group>"; };
		17EB16DA1B17C34A00BCC444 /* clic_0_2.png */ = {isa = PBXFileReference; lastKnownFileType = image.png; path = clic_0_2.png; sourceTree = "<group>"; };
		17EB16DB1B17C34A00BCC444 /* clic_0_3.png */ = {isa = PBXFileReference; lastKnownFileType = image.png; path = clic_0_3.png; sourceTree = "<group>"; };
		17EB16DC1B17C34A00BCC444 /* clic_0_4.png */ = {isa = PBXFileReference; lastKnownFileType = image.png; path = clic_0_4.png; sourceTree = "<group>"; };
		17EB16DD1B17C34A00BCC444 /* clic_0_5.png */ = {isa = PBXFileReference; lastKnownFileType = image.png; path = clic_0_5.png; sourceTree = "<group>"; };
		17EB16DE1B17C34A00BCC444 /* clic_0_6.png */ = {isa = PBXFileReference; lastKnownFileType = image.png; path = clic_0_6.png; sourceTree = "<group>"; };
		17EB16DF1B17C34A00BCC444 /* clic_0_7.png */ = {isa = PBXFileReference; lastKnownFileType = image.png; path = clic_0_7.png; sourceTree = "<group>"; };
		17EB16E01B17C34A00BCC444 /* clic_0_8.png */ = {isa = PBXFileReference; lastKnownFileType = image.png; path = clic_0_8.png; sourceTree = "<group>"; };
		17EB16E11B17C34A00BCC444 /* clic_0_9.png */ = {isa = PBXFileReference; lastKnownFileType = image.png; path = clic_0_9.png; sourceTree = "<group>"; };
		17EB16E21B17C34A00BCC444 /* clic_0_10.png */ = {isa = PBXFileReference; lastKnownFileType = image.png; path = clic_0_10.png; sourceTree = "<group>"; };
		17EB16E31B17C34A00BCC444 /* clic_0_11.png */ = {isa = PBXFileReference; lastKnownFileType = image.png; path = clic_0_11.png; sourceTree = "<group>"; };
		17EB16E41B17C34A00BCC444 /* clic_0_12.png */ = {isa = PBXFileReference; lastKnownFileType = image.png; path = clic_0_12.png; sourceTree = "<group>"; };
		17EB16E51B17C34A00BCC444 /* clic_0_13.png */ = {isa = PBXFileReference; lastKnownFileType = image.png; path = clic_0_13.png; sourceTree = "<group>"; };
		17EB16E61B17C34A00BCC444 /* clic_0_14.png */ = {isa = PBXFileReference; lastKnownFileType = image.png; path = clic_0_14.png; sourceTree = "<group>"; };
		17EB16E71B17C34A00BCC444 /* clic_0_15.png */ = {isa = PBXFileReference; lastKnownFileType = image.png; path = clic_0_15.png; sourceTree = "<group>"; };
		17EB16E81B17C34A00BCC444 /* clic_0_16.png */ = {isa = PBXFileReference; lastKnownFileType = image.png; path = clic_0_16.png; sourceTree = "<group>"; };
		17EB16E91B17C34A00BCC444 /* clic_0_17.png */ = {isa = PBXFileReference; lastKnownFileType = image.png; path = clic_0_17.png; sourceTree = "<group>"; };
		17EB16EA1B17C34A00BCC444 /* clic_0_18.png */ = {isa = PBXFileReference; lastKnownFileType = image.png; path = clic_0_18.png; sourceTree = "<group>"; };
		17EB16EB1B17C34A00BCC444 /* clic_0_19.png */ = {isa = PBXFileReference; lastKnownFileType = image.png; path = clic_0_19.png; sourceTree = "<group>"; };
		17EB16EC1B17C34A00BCC444 /* clic_0_20.png */ = {isa = PBXFileReference; lastKnownFileType = image.png; path = clic_0_20.png; sourceTree = "<group>"; };
		17EB16ED1B17C34A00BCC444 /* clic_0_21.png */ = {isa = PBXFileReference; lastKnownFileType = image.png; path = clic_0_21.png; sourceTree = "<group>"; };
		17EB16EE1B17C34A00BCC444 /* clic_0_22.png */ = {isa = PBXFileReference; lastKnownFileType = image.png; path = clic_0_22.png; sourceTree = "<group>"; };
		17EB16EF1B17C34A00BCC444 /* clic_0_23.png */ = {isa = PBXFileReference; lastKnownFileType = image.png; path = clic_0_23.png; sourceTree = "<group>"; };
		17EB16F01B17C34A00BCC444 /* clic_0_24.png */ = {isa = PBXFileReference; lastKnownFileType = image.png; path = clic_0_24.png; sourceTree = "<group>"; };
		17EB16F11B17C34A00BCC444 /* clic_0_25.png */ = {isa = PBXFileReference; lastKnownFileType = image.png; path = clic_0_25.png; sourceTree = "<group>"; };
		17EB16F21B17C34A00BCC444 /* clic_0_26.png */ = {isa = PBXFileReference; lastKnownFileType = image.png; path = clic_0_26.png; sourceTree = "<group>"; };
		17EB16F31B17C34A00BCC444 /* clic_0_27.png */ = {isa = PBXFileReference; lastKnownFileType = image.png; path = clic_0_27.png; sourceTree = "<group>"; };
		17EB16F41B17C34A00BCC444 /* clic_0_28.png */ = {isa = PBXFileReference; lastKnownFileType = image.png; path = clic_0_28.png; sourceTree = "<group>"; };
		17EB16F51B17C34A00BCC444 /* clic_0_29.png */ = {isa = PBXFileReference; lastKnownFileType = image.png; path = clic_0_29.png; sourceTree = "<group>"; };
		17EB16F61B17C34A00BCC444 /* clic_0_30.png */ = {isa = PBXFileReference; lastKnownFileType = image.png; path = clic_0_30.png; sourceTree = "<group>"; };
		17EB16F71B17C34A00BCC444 /* clic_0_31.png */ = {isa = PBXFileReference; lastKnownFileType = image.png; path = clic_0_31.png; sourceTree = "<group>"; };
		17EB16F81B17C34A00BCC444 /* clic_0_32.png */ = {isa = PBXFileReference; lastKnownFileType = image.png; path = clic_0_32.png; sourceTree = "<group>"; };
		17EB16F91B17C34A00BCC444 /* clic_0_33.png */ = {isa = PBXFileReference; lastKnownFileType = image.png; path = clic_0_33.png; sourceTree = "<group>"; };
		17EB16FA1B17C34A00BCC444 /* clic_0_34.png */ = {isa = PBXFileReference; lastKnownFileType = image.png; path = clic_0_34.png; sourceTree = "<group>"; };
		17EB16FB1B17C34A00BCC444 /* clic_0_35.png */ = {isa = PBXFileReference; lastKnownFileType = image.png; path = clic_0_35.png; sourceTree = "<group>"; };
		17EB16FC1B17C34A00BCC444 /* clic_0_36.png */ = {isa = PBXFileReference; lastKnownFileType = image.png; path = clic_0_36.png; sourceTree = "<group>"; };
		17EB16FD1B17C34A00BCC444 /* clic_0_37.png */ = {isa = PBXFileReference; lastKnownFileType = image.png; path = clic_0_37.png; sourceTree = "<group>"; };
		A81789361ABC1756004319BA /* libz.dylib */ = {isa = PBXFileReference; lastKnownFileType = "compiled.mach-o.dylib"; name = libz.dylib; path = usr/lib/libz.dylib; sourceTree = SDKROOT; };
		A817893A1ABC1D34004319BA /* crypt.h */ = {isa = PBXFileReference; fileEncoding = 4; lastKnownFileType = sourcecode.c.h; path = crypt.h; sourceTree = "<group>"; };
		A817893B1ABC1D34004319BA /* ioapi.c */ = {isa = PBXFileReference; fileEncoding = 4; lastKnownFileType = sourcecode.c.c; path = ioapi.c; sourceTree = "<group>"; };
		A817893C1ABC1D34004319BA /* ioapi.h */ = {isa = PBXFileReference; fileEncoding = 4; lastKnownFileType = sourcecode.c.h; path = ioapi.h; sourceTree = "<group>"; };
		A817893D1ABC1D34004319BA /* mztools.c */ = {isa = PBXFileReference; fileEncoding = 4; lastKnownFileType = sourcecode.c.c; path = mztools.c; sourceTree = "<group>"; };
		A817893E1ABC1D34004319BA /* mztools.h */ = {isa = PBXFileReference; fileEncoding = 4; lastKnownFileType = sourcecode.c.h; path = mztools.h; sourceTree = "<group>"; };
		A817893F1ABC1D34004319BA /* unzip.c */ = {isa = PBXFileReference; fileEncoding = 4; lastKnownFileType = sourcecode.c.c; path = unzip.c; sourceTree = "<group>"; };
		A81789401ABC1D34004319BA /* unzip.h */ = {isa = PBXFileReference; fileEncoding = 4; lastKnownFileType = sourcecode.c.h; path = unzip.h; sourceTree = "<group>"; };
		A81789411ABC1D34004319BA /* zip.c */ = {isa = PBXFileReference; fileEncoding = 4; lastKnownFileType = sourcecode.c.c; path = zip.c; sourceTree = "<group>"; };
		A81789421ABC1D34004319BA /* zip.h */ = {isa = PBXFileReference; fileEncoding = 4; lastKnownFileType = sourcecode.c.h; path = zip.h; sourceTree = "<group>"; };
		A81789431ABC1D34004319BA /* SSZipArchive.h */ = {isa = PBXFileReference; fileEncoding = 4; lastKnownFileType = sourcecode.c.h; path = SSZipArchive.h; sourceTree = "<group>"; };
		A81789441ABC1D34004319BA /* SSZipArchive.m */ = {isa = PBXFileReference; fileEncoding = 4; lastKnownFileType = sourcecode.c.objc; path = SSZipArchive.m; sourceTree = "<group>"; };
		A89AA8F41ADBEF0F004AC207 /* BaseViewController.h */ = {isa = PBXFileReference; fileEncoding = 4; lastKnownFileType = sourcecode.c.h; path = BaseViewController.h; sourceTree = "<group>"; };
		A89AA8F51ADBEF0F004AC207 /* BaseViewController.m */ = {isa = PBXFileReference; fileEncoding = 4; lastKnownFileType = sourcecode.c.objc; path = BaseViewController.m; sourceTree = "<group>"; };
		A8D391F51ACD69020062BABD /* User.h */ = {isa = PBXFileReference; fileEncoding = 4; lastKnownFileType = sourcecode.c.h; path = User.h; sourceTree = "<group>"; };
		A8D391F61ACD69020062BABD /* User.m */ = {isa = PBXFileReference; fileEncoding = 4; lastKnownFileType = sourcecode.c.objc; path = User.m; sourceTree = "<group>"; };
		A8DE942F1ACEDA6D00EF1EDC /* Experience.h */ = {isa = PBXFileReference; fileEncoding = 4; lastKnownFileType = sourcecode.c.h; path = Experience.h; sourceTree = "<group>"; };
		A8DE94301ACEDA6D00EF1EDC /* Experience.m */ = {isa = PBXFileReference; fileEncoding = 4; lastKnownFileType = sourcecode.c.objc; path = Experience.m; sourceTree = "<group>"; };
		A8DE94321ACEDDCE00EF1EDC /* Data.h */ = {isa = PBXFileReference; fileEncoding = 4; lastKnownFileType = sourcecode.c.h; path = Data.h; sourceTree = "<group>"; };
		A8DE94331ACEDDCE00EF1EDC /* Data.m */ = {isa = PBXFileReference; fileEncoding = 4; lastKnownFileType = sourcecode.c.objc; path = Data.m; sourceTree = "<group>"; };
		A8DFAF671ADBBEC00028502C /* Akkurat Mono Regular.otf */ = {isa = PBXFileReference; lastKnownFileType = file; path = "Akkurat Mono Regular.otf"; sourceTree = "<group>"; };
		A8DFAF691ADBBEC00028502C /* GT-Sectra-Fine-Black-Italic.ttf */ = {isa = PBXFileReference; lastKnownFileType = file; path = "GT-Sectra-Fine-Black-Italic.ttf"; sourceTree = "<group>"; };
		A8DFAF6A1ADBBEC00028502C /* GT-Sectra-Fine-Black.ttf */ = {isa = PBXFileReference; lastKnownFileType = file; path = "GT-Sectra-Fine-Black.ttf"; sourceTree = "<group>"; };
		A8DFAF6B1ADBBEC00028502C /* GT-Sectra-Fine-Bold-Italic.ttf */ = {isa = PBXFileReference; lastKnownFileType = file; path = "GT-Sectra-Fine-Bold-Italic.ttf"; sourceTree = "<group>"; };
		A8DFAF6C1ADBBEC00028502C /* GT-Sectra-Fine-Bold.ttf */ = {isa = PBXFileReference; lastKnownFileType = file; path = "GT-Sectra-Fine-Bold.ttf"; sourceTree = "<group>"; };
		A8DFAF6D1ADBBEC00028502C /* GT-Sectra-Fine-Book-Italic.ttf */ = {isa = PBXFileReference; lastKnownFileType = file; path = "GT-Sectra-Fine-Book-Italic.ttf"; sourceTree = "<group>"; };
		A8DFAF6E1ADBBEC00028502C /* GT-Sectra-Fine-Book.ttf */ = {isa = PBXFileReference; lastKnownFileType = file; path = "GT-Sectra-Fine-Book.ttf"; sourceTree = "<group>"; };
		A8DFAF6F1ADBBEC00028502C /* GT-Sectra-Fine-Medium-Italic.ttf */ = {isa = PBXFileReference; lastKnownFileType = file; path = "GT-Sectra-Fine-Medium-Italic.ttf"; sourceTree = "<group>"; };
		A8DFAF701ADBBEC00028502C /* GT-Sectra-Fine-Medium.ttf */ = {isa = PBXFileReference; lastKnownFileType = file; path = "GT-Sectra-Fine-Medium.ttf"; sourceTree = "<group>"; };
		A8DFAF711ADBBEC00028502C /* GT-Sectra-Fine-Regular-Italic.ttf */ = {isa = PBXFileReference; lastKnownFileType = file; path = "GT-Sectra-Fine-Regular-Italic.ttf"; sourceTree = "<group>"; };
		A8DFAF721ADBBEC00028502C /* GT-Sectra-Fine-Regular.ttf */ = {isa = PBXFileReference; lastKnownFileType = file; path = "GT-Sectra-Fine-Regular.ttf"; sourceTree = "<group>"; };
		A8DFAF741ADBBEC00028502C /* MaisonNeue-Bold.ttf */ = {isa = PBXFileReference; lastKnownFileType = file; path = "MaisonNeue-Bold.ttf"; sourceTree = "<group>"; };
		A8DFAF751ADBBEC00028502C /* MaisonNeue-BoldItalic.ttf */ = {isa = PBXFileReference; lastKnownFileType = file; path = "MaisonNeue-BoldItalic.ttf"; sourceTree = "<group>"; };
		A8DFAF761ADBBEC00028502C /* MaisonNeue-Book.ttf */ = {isa = PBXFileReference; lastKnownFileType = file; path = "MaisonNeue-Book.ttf"; sourceTree = "<group>"; };
		A8DFAF771ADBBEC00028502C /* MaisonNeue-BookItalic.ttf */ = {isa = PBXFileReference; lastKnownFileType = file; path = "MaisonNeue-BookItalic.ttf"; sourceTree = "<group>"; };
		A8DFAF781ADBBEC00028502C /* MaisonNeue-Demi.ttf */ = {isa = PBXFileReference; lastKnownFileType = file; path = "MaisonNeue-Demi.ttf"; sourceTree = "<group>"; };
		A8DFAF791ADBBEC00028502C /* MaisonNeue-DemiItalic.ttf */ = {isa = PBXFileReference; lastKnownFileType = file; path = "MaisonNeue-DemiItalic.ttf"; sourceTree = "<group>"; };
		A8DFAF7A1ADBBEC00028502C /* MaisonNeue-Light.ttf */ = {isa = PBXFileReference; lastKnownFileType = file; path = "MaisonNeue-Light.ttf"; sourceTree = "<group>"; };
		A8DFAF7B1ADBBEC00028502C /* MaisonNeue-LightItalic.ttf */ = {isa = PBXFileReference; lastKnownFileType = file; path = "MaisonNeue-LightItalic.ttf"; sourceTree = "<group>"; };
		A8DFAF7C1ADBBEC00028502C /* MaisonNeue-Medium.ttf */ = {isa = PBXFileReference; lastKnownFileType = file; path = "MaisonNeue-Medium.ttf"; sourceTree = "<group>"; };
		A8DFAF7D1ADBBEC00028502C /* MaisonNeue-MediumItalic.ttf */ = {isa = PBXFileReference; lastKnownFileType = file; path = "MaisonNeue-MediumItalic.ttf"; sourceTree = "<group>"; };
		E28C1E8100702626A930A888 /* Pods.release.xcconfig */ = {isa = PBXFileReference; includeInIndex = 1; lastKnownFileType = text.xcconfig; name = Pods.release.xcconfig; path = "Pods/Target Support Files/Pods/Pods.release.xcconfig"; sourceTree = "<group>"; };
		E8336D570266289D4E1EB570 /* Pods.debug.xcconfig */ = {isa = PBXFileReference; includeInIndex = 1; lastKnownFileType = text.xcconfig; name = Pods.debug.xcconfig; path = "Pods/Target Support Files/Pods/Pods.debug.xcconfig"; sourceTree = "<group>"; };
/* End PBXFileReference section */

/* Begin PBXFrameworksBuildPhase section */
		17CF52751AA5F8F6001C7E65 /* Frameworks */ = {
			isa = PBXFrameworksBuildPhase;
			buildActionMask = 2147483647;
			files = (
				17A77E4B1B284388001FE7AC /* MediaPlayer.framework in Frameworks */,
				174598E41AEF85E3002606CD /* Security.framework in Frameworks */,
				174598E21AEF85DC002606CD /* QuartzCore.framework in Frameworks */,
				174598E01AEF85CF002606CD /* MobileCoreServices.framework in Frameworks */,
				174598DE1AEF85C6002606CD /* CoreGraphics.framework in Frameworks */,
				174598DC1AEF85AF002606CD /* CFNetwork.framework in Frameworks */,
				174598DA1AEF85A6002606CD /* AudioToolbox.framework in Frameworks */,
				A81789371ABC1756004319BA /* libz.dylib in Frameworks */,
				17CF52A21AA5FB64001C7E65 /* CoreLocation.framework in Frameworks */,
				17CF52A51AA5FE68001C7E65 /* HealthKit.framework in Frameworks */,
				1DAA690938C15EBBA6651334 /* libPods.a in Frameworks */,
			);
			runOnlyForDeploymentPostprocessing = 0;
		};
		17CF528E1AA5F8F6001C7E65 /* Frameworks */ = {
			isa = PBXFrameworksBuildPhase;
			buildActionMask = 2147483647;
			files = (
			);
			runOnlyForDeploymentPostprocessing = 0;
		};
/* End PBXFrameworksBuildPhase section */

/* Begin PBXGroup section */
		170135EE1B09C91E00B10C42 /* Segue */ = {
			isa = PBXGroup;
			children = (
				175B5DAD1B2B22CD0007D4C2 /* CustomSegue */,
			);
			name = Segue;
			sourceTree = "<group>";
		};
		171712051B2905F6005F8B71 /* Test */ = {
			isa = PBXGroup;
			children = (
				175B5D9E1B2B03C40007D4C2 /* TestViewController.h */,
				175B5D9F1B2B03C40007D4C2 /* TestViewController.m */,
			);
			name = Test;
			sourceTree = "<group>";
		};
		173892791B2A34700063DCA3 /* HomeView */ = {
			isa = PBXGroup;
			children = (
				1738927A1B2A38A10063DCA3 /* HomeView.h */,
				1738927B1B2A38A10063DCA3 /* HomeView.m */,
			);
			name = HomeView;
			sourceTree = "<group>";
		};
		1738927D1B2A45F80063DCA3 /* LoginView */ = {
			isa = PBXGroup;
			children = (
				1738927E1B2A46080063DCA3 /* LoginView.h */,
				1738927F1B2A46080063DCA3 /* LoginView.m */,
			);
			name = LoginView;
			sourceTree = "<group>";
		};
		173892811B2A4E440063DCA3 /* SignUpView */ = {
			isa = PBXGroup;
			children = (
				173892821B2A4E570063DCA3 /* SignUpView.h */,
				173892831B2A4E570063DCA3 /* SignUpView.m */,
			);
			name = SignUpView;
			sourceTree = "<group>";
		};
		173F4B9D1B0E2AF0000D70DB /* Animation */ = {
			isa = PBXGroup;
			children = (
				17A77E5D1B28738D001FE7AC /* ground.mp4 */,
				17A77E571B28640D001FE7AC /* home.mp4 */,
				17A77E561B2863D4001FE7AC /* splash_screen.mp4 */,
				17EB16D71B17C33800BCC444 /* Click */,
			);
			name = Animation;
			sourceTree = "<group>";
		};
		175B5D971B2AEFBA0007D4C2 /* HomeViewController */ = {
			isa = PBXGroup;
			children = (
				176AF50E1B21E5E3000235AF /* HomeViewController.h */,
				176AF50F1B21E5E3000235AF /* HomeViewController.m */,
			);
			name = HomeViewController;
			sourceTree = "<group>";
		};
		175B5D981B2AF24C0007D4C2 /* SplashScreen */ = {
			isa = PBXGroup;
			children = (
				176AF5CA1B232B55000235AF /* SplashScreenViewController.h */,
				176AF5CB1B232B55000235AF /* SplashScreenViewController.m */,
			);
			name = SplashScreen;
			sourceTree = "<group>";
		};
		175B5D9D1B2B03710007D4C2 /* CaptationImageView */ = {
			isa = PBXGroup;
			children = (
				175B5D9A1B2B036D0007D4C2 /* CaptationImageView.h */,
				175B5D9B1B2B036D0007D4C2 /* CaptationImageView.m */,
			);
			name = CaptationImageView;
			sourceTree = "<group>";
		};
		175B5DA11B2B20AE0007D4C2 /* TimeLineView */ = {
			isa = PBXGroup;
			children = (
				1737EF9E1ADFF296002E4811 /* TimeLineView.h */,
				1737EF9F1ADFF296002E4811 /* TimeLineView.m */,
			);
			name = TimeLineView;
			sourceTree = "<group>";
		};
		175B5DA21B2B20BE0007D4C2 /* DataView */ = {
			isa = PBXGroup;
			children = (
				17AFE6811AF6C15200CDD08F /* DataView.h */,
				17AFE6821AF6C15200CDD08F /* DataView.m */,
			);
			name = DataView;
			sourceTree = "<group>";
		};
		175B5DA31B2B20C70007D4C2 /* DataInformationView */ = {
			isa = PBXGroup;
			children = (
				176476771AF6D401007657DB /* DataInformationView.h */,
				176476781AF6D401007657DB /* DataInformationView.m */,
			);
			name = DataInformationView;
			sourceTree = "<group>";
		};
		175B5DA41B2B20DA0007D4C2 /* TutorialPullUpView */ = {
			isa = PBXGroup;
			children = (
				179883171B1B869A002F64EA /* TutorialPullUpView.h */,
				179883181B1B869A002F64EA /* TutorialPullUpView.m */,
			);
			name = TutorialPullUpView;
			sourceTree = "<group>";
		};
		175B5DA51B2B20EC0007D4C2 /* PlayerView */ = {
			isa = PBXGroup;
			children = (
				17A77E501B284A6B001FE7AC /* PlayerView.h */,
				17A77E511B284A6B001FE7AC /* PlayerView.m */,
			);
			name = PlayerView;
			sourceTree = "<group>";
		};
		175B5DA61B2B20F90007D4C2 /* LoaderView */ = {
			isa = PBXGroup;
			children = (
				171712021B290565005F8B71 /* LoaderView.h */,
				171712031B290565005F8B71 /* LoaderView.m */,
			);
			name = LoaderView;
			sourceTree = "<group>";
		};
		175B5DA71B2B22510007D4C2 /* TutorialViewController */ = {
			isa = PBXGroup;
			children = (
				17BF33F01B147B50009B6190 /* TutorialViewController.h */,
				17BF33F11B147B50009B6190 /* TutorialViewController.m */,
			);
			name = TutorialViewController;
			sourceTree = "<group>";
		};
		175B5DA81B2B22680007D4C2 /* DataViewController */ = {
			isa = PBXGroup;
			children = (
				17169B7D1AF22C6D00321300 /* DataViewController.h */,
				17169B7E1AF22C6D00321300 /* DataViewController.m */,
			);
			name = DataViewController;
			sourceTree = "<group>";
		};
		175B5DA91B2B22980007D4C2 /* User */ = {
			isa = PBXGroup;
			children = (
				A8D391F51ACD69020062BABD /* User.h */,
				A8D391F61ACD69020062BABD /* User.m */,
			);
			name = User;
			sourceTree = "<group>";
		};
		175B5DAA1B2B229F0007D4C2 /* Experience */ = {
			isa = PBXGroup;
			children = (
				A8DE942F1ACEDA6D00EF1EDC /* Experience.h */,
				A8DE94301ACEDA6D00EF1EDC /* Experience.m */,
			);
			name = Experience;
			sourceTree = "<group>";
		};
		175B5DAB1B2B22AD0007D4C2 /* Data */ = {
			isa = PBXGroup;
			children = (
				A8DE94321ACEDDCE00EF1EDC /* Data.h */,
				A8DE94331ACEDDCE00EF1EDC /* Data.m */,
			);
			name = Data;
			sourceTree = "<group>";
		};
		175B5DAC1B2B22B60007D4C2 /* Day */ = {
			isa = PBXGroup;
			children = (
				1756E4FF1AD5F8B8006CA988 /* Day.h */,
				1756E5001AD5F8B8006CA988 /* Day.m */,
			);
			name = Day;
			sourceTree = "<group>";
		};
		175B5DAD1B2B22CD0007D4C2 /* CustomSegue */ = {
			isa = PBXGroup;
			children = (
				170135EF1B09C98700B10C42 /* CustomSegue.h */,
				170135F01B09C98700B10C42 /* CustomSegue.m */,
			);
			name = CustomSegue;
			sourceTree = "<group>";
		};
		175B5DAE1B2B22E00007D4C2 /* CustomPageControl */ = {
			isa = PBXGroup;
			children = (
				17A8C6EA1B20B6BF005E9E8F /* customPageControl.h */,
				17A8C6EB1B20B6BF005E9E8F /* customPageControl.m */,
			);
			name = CustomPageControl;
			sourceTree = "<group>";
		};
		175E664A1AF24D35007CC277 /* View */ = {
			isa = PBXGroup;
			children = (
				175B5DA61B2B20F90007D4C2 /* LoaderView */,
				175B5DA51B2B20EC0007D4C2 /* PlayerView */,
				175B5DA41B2B20DA0007D4C2 /* TutorialPullUpView */,
				175B5DA31B2B20C70007D4C2 /* DataInformationView */,
				175B5DA21B2B20BE0007D4C2 /* DataView */,
				175B5DA11B2B20AE0007D4C2 /* TimeLineView */,
				173892811B2A4E440063DCA3 /* SignUpView */,
				1738927D1B2A45F80063DCA3 /* LoginView */,
				173892791B2A34700063DCA3 /* HomeView */,
			);
			name = View;
			sourceTree = "<group>";
		};
		176AF4FF1B218CF7000235AF /* UIPageControl */ = {
			isa = PBXGroup;
			children = (
				175B5DAE1B2B22E00007D4C2 /* CustomPageControl */,
			);
			name = UIPageControl;
			sourceTree = "<group>";
		};
		176AF5001B21A3E0000235AF /* UIImageView */ = {
			isa = PBXGroup;
			children = (
				175B5D9D1B2B03710007D4C2 /* CaptationImageView */,
				176AF50B1B21D333000235AF /* ClickImageView.h */,
				176AF50C1B21D333000235AF /* ClickImageView.m */,
			);
			name = UIImageView;
			sourceTree = "<group>";
		};
		176AF5041B21CAC3000235AF /* UIButton */ = {
			isa = PBXGroup;
			children = (
				176AF5051B21CAF0000235AF /* CustomButton.h */,
				176AF5061B21CAF0000235AF /* CustomButton.m */,
			);
			name = UIButton;
			sourceTree = "<group>";
		};
		177138D11AADF9E1002AFEF0 /* API */ = {
			isa = PBXGroup;
			children = (
				177138D21AADFA01002AFEF0 /* ApiController.h */,
				17BF33F31B167D43009B6190 /* tutorialExperience.json */,
				177138D31AADFA01002AFEF0 /* ApiController.m */,
			);
			name = API;
			sourceTree = "<group>";
		};
		17CF526F1AA5F8F6001C7E65 = {
			isa = PBXGroup;
			children = (
				A81789361ABC1756004319BA /* libz.dylib */,
				17CF52A41AA5FE68001C7E65 /* HealthKit.framework */,
				17CF52A11AA5FB64001C7E65 /* CoreLocation.framework */,
				17CF527A1AA5F8F6001C7E65 /* Data */,
				17CF52941AA5F8F6001C7E65 /* DataTests */,
				17CF52791AA5F8F6001C7E65 /* Products */,
				6CAE8C8147BE2AA1275FA258 /* Pods */,
				8435A4DE72E5F2202F7FADF4 /* Frameworks */,
			);
			sourceTree = "<group>";
		};
		17CF52791AA5F8F6001C7E65 /* Products */ = {
			isa = PBXGroup;
			children = (
				17CF52781AA5F8F6001C7E65 /* Data.app */,
				17CF52911AA5F8F6001C7E65 /* DataTests.xctest */,
			);
			name = Products;
			sourceTree = "<group>";
		};
		17CF527A1AA5F8F6001C7E65 /* Data */ = {
			isa = PBXGroup;
			children = (
				171712051B2905F6005F8B71 /* Test */,
				176AF5041B21CAC3000235AF /* UIButton */,
				176AF5001B21A3E0000235AF /* UIImageView */,
				176AF4FF1B218CF7000235AF /* UIPageControl */,
				173F4B9D1B0E2AF0000D70DB /* Animation */,
				170135EE1B09C91E00B10C42 /* Segue */,
				175E664A1AF24D35007CC277 /* View */,
				A8DFAF651ADBBEA00028502C /* Fonts */,
				A8D391F41ACD68ED0062BABD /* Model */,
				A817894F1ABC6A7D004319BA /* Library */,
				177138D11AADF9E1002AFEF0 /* API */,
				17DCD4EB1AA99EF100818722 /* ViewController */,
				17CF52A31AA5FE68001C7E65 /* Data.entitlements */,
				17CF527F1AA5F8F6001C7E65 /* AppDelegate.h */,
				17CF52801AA5F8F6001C7E65 /* AppDelegate.m */,
				17CF52851AA5F8F6001C7E65 /* Main.storyboard */,
				17CF52881AA5F8F6001C7E65 /* Images.xcassets */,
				17CF528A1AA5F8F6001C7E65 /* LaunchScreen.xib */,
				17CF527B1AA5F8F6001C7E65 /* Supporting Files */,
			);
			path = Data;
			sourceTree = "<group>";
		};
		17CF527B1AA5F8F6001C7E65 /* Supporting Files */ = {
			isa = PBXGroup;
			children = (
				17CF527C1AA5F8F6001C7E65 /* Info.plist */,
				17CF527D1AA5F8F6001C7E65 /* main.m */,
				177138D01AADF9B3002AFEF0 /* PrefixHeader.pch */,
			);
			name = "Supporting Files";
			sourceTree = "<group>";
		};
		17CF52941AA5F8F6001C7E65 /* DataTests */ = {
			isa = PBXGroup;
			children = (
				17CF52971AA5F8F6001C7E65 /* in-FormTests.m */,
				17CF52951AA5F8F6001C7E65 /* Supporting Files */,
			);
			path = DataTests;
			sourceTree = "<group>";
		};
		17CF52951AA5F8F6001C7E65 /* Supporting Files */ = {
			isa = PBXGroup;
			children = (
				17CF52961AA5F8F6001C7E65 /* Info.plist */,
			);
			name = "Supporting Files";
			sourceTree = "<group>";
		};
		17DCD4EB1AA99EF100818722 /* ViewController */ = {
			isa = PBXGroup;
			children = (
				175B5DA81B2B22680007D4C2 /* DataViewController */,
				175B5DA71B2B22510007D4C2 /* TutorialViewController */,
				175B5D981B2AF24C0007D4C2 /* SplashScreen */,
				175B5D971B2AEFBA0007D4C2 /* HomeViewController */,
				A89AA8F41ADBEF0F004AC207 /* BaseViewController.h */,
				A89AA8F51ADBEF0F004AC207 /* BaseViewController.m */,
				1771BEFE1AF27A8F000D4D89 /* PairingViewController.h */,
				1771BEFF1AF27A8F000D4D89 /* PairingViewController.m */,
				1771BF011AF2820E000D4D89 /* GeolocViewController.h */,
				1771BF021AF2820E000D4D89 /* GeolocViewController.m */,
				173B2FB41AF3E60500A71BA5 /* ChooseDayViewController.h */,
				173B2FB51AF3E60500A71BA5 /* ChooseDayViewController.m */,
			);
			name = ViewController;
			sourceTree = "<group>";
		};
		17EB16D71B17C33800BCC444 /* Click */ = {
			isa = PBXGroup;
			children = (
				17EB16D81B17C34A00BCC444 /* clic_0_0.png */,
				17EB16D91B17C34A00BCC444 /* clic_0_1.png */,
				17EB16DA1B17C34A00BCC444 /* clic_0_2.png */,
				17EB16DB1B17C34A00BCC444 /* clic_0_3.png */,
				17EB16DC1B17C34A00BCC444 /* clic_0_4.png */,
				17EB16DD1B17C34A00BCC444 /* clic_0_5.png */,
				17EB16DE1B17C34A00BCC444 /* clic_0_6.png */,
				17EB16DF1B17C34A00BCC444 /* clic_0_7.png */,
				17EB16E01B17C34A00BCC444 /* clic_0_8.png */,
				17EB16E11B17C34A00BCC444 /* clic_0_9.png */,
				17EB16E21B17C34A00BCC444 /* clic_0_10.png */,
				17EB16E31B17C34A00BCC444 /* clic_0_11.png */,
				17EB16E41B17C34A00BCC444 /* clic_0_12.png */,
				17EB16E51B17C34A00BCC444 /* clic_0_13.png */,
				17EB16E61B17C34A00BCC444 /* clic_0_14.png */,
				17EB16E71B17C34A00BCC444 /* clic_0_15.png */,
				17EB16E81B17C34A00BCC444 /* clic_0_16.png */,
				17EB16E91B17C34A00BCC444 /* clic_0_17.png */,
				17EB16EA1B17C34A00BCC444 /* clic_0_18.png */,
				17EB16EB1B17C34A00BCC444 /* clic_0_19.png */,
				17EB16EC1B17C34A00BCC444 /* clic_0_20.png */,
				17EB16ED1B17C34A00BCC444 /* clic_0_21.png */,
				17EB16EE1B17C34A00BCC444 /* clic_0_22.png */,
				17EB16EF1B17C34A00BCC444 /* clic_0_23.png */,
				17EB16F01B17C34A00BCC444 /* clic_0_24.png */,
				17EB16F11B17C34A00BCC444 /* clic_0_25.png */,
				17EB16F21B17C34A00BCC444 /* clic_0_26.png */,
				17EB16F31B17C34A00BCC444 /* clic_0_27.png */,
				17EB16F41B17C34A00BCC444 /* clic_0_28.png */,
				17EB16F51B17C34A00BCC444 /* clic_0_29.png */,
				17EB16F61B17C34A00BCC444 /* clic_0_30.png */,
				17EB16F71B17C34A00BCC444 /* clic_0_31.png */,
				17EB16F81B17C34A00BCC444 /* clic_0_32.png */,
				17EB16F91B17C34A00BCC444 /* clic_0_33.png */,
				17EB16FA1B17C34A00BCC444 /* clic_0_34.png */,
				17EB16FB1B17C34A00BCC444 /* clic_0_35.png */,
				17EB16FC1B17C34A00BCC444 /* clic_0_36.png */,
				17EB16FD1B17C34A00BCC444 /* clic_0_37.png */,
			);
			name = Click;
			sourceTree = "<group>";
		};
		6CAE8C8147BE2AA1275FA258 /* Pods */ = {
			isa = PBXGroup;
			children = (
				E8336D570266289D4E1EB570 /* Pods.debug.xcconfig */,
				E28C1E8100702626A930A888 /* Pods.release.xcconfig */,
			);
			name = Pods;
			sourceTree = "<group>";
		};
		8435A4DE72E5F2202F7FADF4 /* Frameworks */ = {
			isa = PBXGroup;
			children = (
				17A77E4A1B284388001FE7AC /* MediaPlayer.framework */,
				174598E31AEF85E3002606CD /* Security.framework */,
				174598E11AEF85DC002606CD /* QuartzCore.framework */,
				174598DF1AEF85CF002606CD /* MobileCoreServices.framework */,
				174598DD1AEF85C6002606CD /* CoreGraphics.framework */,
				174598DB1AEF85AF002606CD /* CFNetwork.framework */,
				174598D91AEF85A6002606CD /* AudioToolbox.framework */,
				10BC74DE36AF14F6E3863A59 /* libPods.a */,
			);
			name = Frameworks;
			sourceTree = "<group>";
		};
		A81789381ABC1D34004319BA /* SSZipArchive */ = {
			isa = PBXGroup;
			children = (
				A81789391ABC1D34004319BA /* minizip */,
				A81789431ABC1D34004319BA /* SSZipArchive.h */,
				A81789441ABC1D34004319BA /* SSZipArchive.m */,
			);
			path = SSZipArchive;
			sourceTree = "<group>";
		};
		A81789391ABC1D34004319BA /* minizip */ = {
			isa = PBXGroup;
			children = (
				A817893A1ABC1D34004319BA /* crypt.h */,
				A817893B1ABC1D34004319BA /* ioapi.c */,
				A817893C1ABC1D34004319BA /* ioapi.h */,
				A817893D1ABC1D34004319BA /* mztools.c */,
				A817893E1ABC1D34004319BA /* mztools.h */,
				A817893F1ABC1D34004319BA /* unzip.c */,
				A81789401ABC1D34004319BA /* unzip.h */,
				A81789411ABC1D34004319BA /* zip.c */,
				A81789421ABC1D34004319BA /* zip.h */,
			);
			path = minizip;
			sourceTree = "<group>";
		};
		A817894F1ABC6A7D004319BA /* Library */ = {
			isa = PBXGroup;
			children = (
				A81789381ABC1D34004319BA /* SSZipArchive */,
			);
			name = Library;
			sourceTree = "<group>";
		};
		A8D391F41ACD68ED0062BABD /* Model */ = {
			isa = PBXGroup;
			children = (
				175B5DAC1B2B22B60007D4C2 /* Day */,
				175B5DAB1B2B22AD0007D4C2 /* Data */,
				175B5DAA1B2B229F0007D4C2 /* Experience */,
				175B5DA91B2B22980007D4C2 /* User */,
			);
			name = Model;
			sourceTree = "<group>";
		};
		A8DFAF651ADBBEA00028502C /* Fonts */ = {
			isa = PBXGroup;
			children = (
				A8DFAF661ADBBEC00028502C /* akkurat */,
				A8DFAF681ADBBEC00028502C /* GT Sectra Fine */,
				A8DFAF731ADBBEC00028502C /* Maison Neue */,
			);
			name = Fonts;
			sourceTree = "<group>";
		};
		A8DFAF661ADBBEC00028502C /* akkurat */ = {
			isa = PBXGroup;
			children = (
				A8DFAF671ADBBEC00028502C /* Akkurat Mono Regular.otf */,
			);
			path = akkurat;
			sourceTree = "<group>";
		};
		A8DFAF681ADBBEC00028502C /* GT Sectra Fine */ = {
			isa = PBXGroup;
			children = (
				A8DFAF691ADBBEC00028502C /* GT-Sectra-Fine-Black-Italic.ttf */,
				A8DFAF6A1ADBBEC00028502C /* GT-Sectra-Fine-Black.ttf */,
				A8DFAF6B1ADBBEC00028502C /* GT-Sectra-Fine-Bold-Italic.ttf */,
				A8DFAF6C1ADBBEC00028502C /* GT-Sectra-Fine-Bold.ttf */,
				A8DFAF6D1ADBBEC00028502C /* GT-Sectra-Fine-Book-Italic.ttf */,
				A8DFAF6E1ADBBEC00028502C /* GT-Sectra-Fine-Book.ttf */,
				A8DFAF6F1ADBBEC00028502C /* GT-Sectra-Fine-Medium-Italic.ttf */,
				A8DFAF701ADBBEC00028502C /* GT-Sectra-Fine-Medium.ttf */,
				A8DFAF711ADBBEC00028502C /* GT-Sectra-Fine-Regular-Italic.ttf */,
				A8DFAF721ADBBEC00028502C /* GT-Sectra-Fine-Regular.ttf */,
			);
			path = "GT Sectra Fine";
			sourceTree = "<group>";
		};
		A8DFAF731ADBBEC00028502C /* Maison Neue */ = {
			isa = PBXGroup;
			children = (
				A8DFAF741ADBBEC00028502C /* MaisonNeue-Bold.ttf */,
				A8DFAF751ADBBEC00028502C /* MaisonNeue-BoldItalic.ttf */,
				A8DFAF761ADBBEC00028502C /* MaisonNeue-Book.ttf */,
				A8DFAF771ADBBEC00028502C /* MaisonNeue-BookItalic.ttf */,
				A8DFAF781ADBBEC00028502C /* MaisonNeue-Demi.ttf */,
				A8DFAF791ADBBEC00028502C /* MaisonNeue-DemiItalic.ttf */,
				A8DFAF7A1ADBBEC00028502C /* MaisonNeue-Light.ttf */,
				A8DFAF7B1ADBBEC00028502C /* MaisonNeue-LightItalic.ttf */,
				A8DFAF7C1ADBBEC00028502C /* MaisonNeue-Medium.ttf */,
				A8DFAF7D1ADBBEC00028502C /* MaisonNeue-MediumItalic.ttf */,
			);
			path = "Maison Neue";
			sourceTree = "<group>";
		};
/* End PBXGroup section */

/* Begin PBXNativeTarget section */
		17CF52771AA5F8F6001C7E65 /* Data */ = {
			isa = PBXNativeTarget;
			buildConfigurationList = 17CF529B1AA5F8F6001C7E65 /* Build configuration list for PBXNativeTarget "Data" */;
			buildPhases = (
				734D4F376B32E3E262664974 /* Check Pods Manifest.lock */,
				17CF52741AA5F8F6001C7E65 /* Sources */,
				17CF52751AA5F8F6001C7E65 /* Frameworks */,
				17CF52761AA5F8F6001C7E65 /* Resources */,
				587DE6BBED0D43B334E89333 /* Copy Pods Resources */,
			);
			buildRules = (
			);
			dependencies = (
			);
			name = Data;
			productName = Data;
			productReference = 17CF52781AA5F8F6001C7E65 /* Data.app */;
			productType = "com.apple.product-type.application";
		};
		17CF52901AA5F8F6001C7E65 /* DataTests */ = {
			isa = PBXNativeTarget;
			buildConfigurationList = 17CF529E1AA5F8F6001C7E65 /* Build configuration list for PBXNativeTarget "DataTests" */;
			buildPhases = (
				17CF528D1AA5F8F6001C7E65 /* Sources */,
				17CF528E1AA5F8F6001C7E65 /* Frameworks */,
				17CF528F1AA5F8F6001C7E65 /* Resources */,
			);
			buildRules = (
			);
			dependencies = (
				17CF52931AA5F8F6001C7E65 /* PBXTargetDependency */,
			);
			name = DataTests;
			productName = DataTests;
			productReference = 17CF52911AA5F8F6001C7E65 /* DataTests.xctest */;
			productType = "com.apple.product-type.bundle.unit-test";
		};
/* End PBXNativeTarget section */

/* Begin PBXProject section */
		17CF52701AA5F8F6001C7E65 /* Project object */ = {
			isa = PBXProject;
			attributes = {
				LastUpgradeCheck = 0610;
				ORGANIZATIONNAME = "kevin Budain";
				TargetAttributes = {
					17CF52771AA5F8F6001C7E65 = {
						CreatedOnToolsVersion = 6.1.1;
						DevelopmentTeam = 3RQFQA54Q5;
						SystemCapabilities = {
							com.apple.BackgroundModes = {
								enabled = 1;
							};
							com.apple.HealthKit = {
								enabled = 1;
							};
						};
					};
					17CF52901AA5F8F6001C7E65 = {
						CreatedOnToolsVersion = 6.1.1;
						TestTargetID = 17CF52771AA5F8F6001C7E65;
					};
				};
			};
			buildConfigurationList = 17CF52731AA5F8F6001C7E65 /* Build configuration list for PBXProject "Data" */;
			compatibilityVersion = "Xcode 3.2";
			developmentRegion = English;
			hasScannedForEncodings = 0;
			knownRegions = (
				en,
				Base,
			);
			mainGroup = 17CF526F1AA5F8F6001C7E65;
			productRefGroup = 17CF52791AA5F8F6001C7E65 /* Products */;
			projectDirPath = "";
			projectRoot = "";
			targets = (
				17CF52771AA5F8F6001C7E65 /* Data */,
				17CF52901AA5F8F6001C7E65 /* DataTests */,
			);
		};
/* End PBXProject section */

/* Begin PBXResourcesBuildPhase section */
		17CF52761AA5F8F6001C7E65 /* Resources */ = {
			isa = PBXResourcesBuildPhase;
			buildActionMask = 2147483647;
			files = (
				17A77E5E1B28739F001FE7AC /* ground.mp4 in Resources */,
				17A77E581B286414001FE7AC /* home.mp4 in Resources */,
				17A77E591B286414001FE7AC /* splash_screen.mp4 in Resources */,
				17EB17181B17C34A00BCC444 /* clic_0_26.png in Resources */,
				17EB17201B17C34A00BCC444 /* clic_0_34.png in Resources */,
				17EB171E1B17C34A00BCC444 /* clic_0_32.png in Resources */,
				17EB171A1B17C34A00BCC444 /* clic_0_28.png in Resources */,
				17EB170C1B17C34A00BCC444 /* clic_0_14.png in Resources */,
				A8DFAF8F1ADBBEC00028502C /* MaisonNeue-Light.ttf in Resources */,
				17BF33F41B167D43009B6190 /* tutorialExperience.json in Resources */,
				A8DFAF811ADBBEC00028502C /* GT-Sectra-Fine-Bold-Italic.ttf in Resources */,
				17EB17151B17C34A00BCC444 /* clic_0_23.png in Resources */,
				17EB17091B17C34A00BCC444 /* clic_0_11.png in Resources */,
				17CF52871AA5F8F6001C7E65 /* Main.storyboard in Resources */,
				A8DFAF871ADBBEC00028502C /* GT-Sectra-Fine-Regular-Italic.ttf in Resources */,
				17EB17121B17C34A00BCC444 /* clic_0_20.png in Resources */,
				17EB17221B17C34A00BCC444 /* clic_0_36.png in Resources */,
				17EB17081B17C34A00BCC444 /* clic_0_10.png in Resources */,
				A8DFAF851ADBBEC00028502C /* GT-Sectra-Fine-Medium-Italic.ttf in Resources */,
				17EB16FE1B17C34A00BCC444 /* clic_0_0.png in Resources */,
				A8DFAF891ADBBEC00028502C /* MaisonNeue-Bold.ttf in Resources */,
				17EB17171B17C34A00BCC444 /* clic_0_25.png in Resources */,
				A8DFAF911ADBBEC00028502C /* MaisonNeue-Medium.ttf in Resources */,
				A8DFAF841ADBBEC00028502C /* GT-Sectra-Fine-Book.ttf in Resources */,
				17EB17061B17C34A00BCC444 /* clic_0_8.png in Resources */,
				17EB170D1B17C34A00BCC444 /* clic_0_15.png in Resources */,
				17EB17041B17C34A00BCC444 /* clic_0_6.png in Resources */,
				17EB17021B17C34A00BCC444 /* clic_0_4.png in Resources */,
				17EB171C1B17C34A00BCC444 /* clic_0_30.png in Resources */,
				A8DFAF861ADBBEC00028502C /* GT-Sectra-Fine-Medium.ttf in Resources */,
				A8DFAF821ADBBEC00028502C /* GT-Sectra-Fine-Bold.ttf in Resources */,
				17EB170E1B17C34A00BCC444 /* clic_0_16.png in Resources */,
				A8DFAF901ADBBEC00028502C /* MaisonNeue-LightItalic.ttf in Resources */,
				17EB17211B17C34A00BCC444 /* clic_0_35.png in Resources */,
				17EB17001B17C34A00BCC444 /* clic_0_2.png in Resources */,
				17EB17191B17C34A00BCC444 /* clic_0_27.png in Resources */,
				A8DFAF8D1ADBBEC00028502C /* MaisonNeue-Demi.ttf in Resources */,
				17EB17131B17C34A00BCC444 /* clic_0_21.png in Resources */,
				17EB17111B17C34A00BCC444 /* clic_0_19.png in Resources */,
				A8DFAF7E1ADBBEC00028502C /* Akkurat Mono Regular.otf in Resources */,
				17EB17011B17C34A00BCC444 /* clic_0_3.png in Resources */,
				17EB17231B17C34A00BCC444 /* clic_0_37.png in Resources */,
				17CF528C1AA5F8F6001C7E65 /* LaunchScreen.xib in Resources */,
				17EB17141B17C34A00BCC444 /* clic_0_22.png in Resources */,
				17EB17051B17C34A00BCC444 /* clic_0_7.png in Resources */,
				17EB170B1B17C34A00BCC444 /* clic_0_13.png in Resources */,
				A8DFAF831ADBBEC00028502C /* GT-Sectra-Fine-Book-Italic.ttf in Resources */,
				17EB171F1B17C34A00BCC444 /* clic_0_33.png in Resources */,
				A8DFAF8C1ADBBEC00028502C /* MaisonNeue-BookItalic.ttf in Resources */,
				A8DFAF881ADBBEC00028502C /* GT-Sectra-Fine-Regular.ttf in Resources */,
				17CF52891AA5F8F6001C7E65 /* Images.xcassets in Resources */,
				A8DFAF8E1ADBBEC00028502C /* MaisonNeue-DemiItalic.ttf in Resources */,
				17EB17161B17C34A00BCC444 /* clic_0_24.png in Resources */,
				17EB171D1B17C34A00BCC444 /* clic_0_31.png in Resources */,
				17EB171B1B17C34A00BCC444 /* clic_0_29.png in Resources */,
				A8DFAF8A1ADBBEC00028502C /* MaisonNeue-BoldItalic.ttf in Resources */,
				17EB17071B17C34A00BCC444 /* clic_0_9.png in Resources */,
				17EB17031B17C34A00BCC444 /* clic_0_5.png in Resources */,
				17EB170F1B17C34A00BCC444 /* clic_0_17.png in Resources */,
				17EB170A1B17C34A00BCC444 /* clic_0_12.png in Resources */,
				A8DFAF7F1ADBBEC00028502C /* GT-Sectra-Fine-Black-Italic.ttf in Resources */,
				17EB17101B17C34A00BCC444 /* clic_0_18.png in Resources */,
				A8DFAF8B1ADBBEC00028502C /* MaisonNeue-Book.ttf in Resources */,
				17EB16FF1B17C34A00BCC444 /* clic_0_1.png in Resources */,
				A8DFAF801ADBBEC00028502C /* GT-Sectra-Fine-Black.ttf in Resources */,
				A8DFAF921ADBBEC00028502C /* MaisonNeue-MediumItalic.ttf in Resources */,
			);
			runOnlyForDeploymentPostprocessing = 0;
		};
		17CF528F1AA5F8F6001C7E65 /* Resources */ = {
			isa = PBXResourcesBuildPhase;
			buildActionMask = 2147483647;
			files = (
			);
			runOnlyForDeploymentPostprocessing = 0;
		};
/* End PBXResourcesBuildPhase section */

/* Begin PBXShellScriptBuildPhase section */
		587DE6BBED0D43B334E89333 /* Copy Pods Resources */ = {
			isa = PBXShellScriptBuildPhase;
			buildActionMask = 2147483647;
			files = (
			);
			inputPaths = (
			);
			name = "Copy Pods Resources";
			outputPaths = (
			);
			runOnlyForDeploymentPostprocessing = 0;
			shellPath = /bin/sh;
			shellScript = "\"${SRCROOT}/Pods/Target Support Files/Pods/Pods-resources.sh\"\n";
			showEnvVarsInLog = 0;
		};
		734D4F376B32E3E262664974 /* Check Pods Manifest.lock */ = {
			isa = PBXShellScriptBuildPhase;
			buildActionMask = 2147483647;
			files = (
			);
			inputPaths = (
			);
			name = "Check Pods Manifest.lock";
			outputPaths = (
			);
			runOnlyForDeploymentPostprocessing = 0;
			shellPath = /bin/sh;
			shellScript = "diff \"${PODS_ROOT}/../Podfile.lock\" \"${PODS_ROOT}/Manifest.lock\" > /dev/null\nif [[ $? != 0 ]] ; then\n    cat << EOM\nerror: The sandbox is not in sync with the Podfile.lock. Run 'pod install' or update your CocoaPods installation.\nEOM\n    exit 1\nfi\n";
			showEnvVarsInLog = 0;
		};
/* End PBXShellScriptBuildPhase section */

/* Begin PBXSourcesBuildPhase section */
		17CF52741AA5F8F6001C7E65 /* Sources */ = {
			isa = PBXSourcesBuildPhase;
			buildActionMask = 2147483647;
			files = (
				A81789471ABC1D34004319BA /* unzip.c in Sources */,
				176AF5CC1B232B55000235AF /* SplashScreenViewController.m in Sources */,
				177138D41AADFA01002AFEF0 /* ApiController.m in Sources */,
				A8D391F71ACD69020062BABD /* User.m in Sources */,
				A81789481ABC1D34004319BA /* zip.c in Sources */,
				1771BF031AF2820E000D4D89 /* GeolocViewController.m in Sources */,
				175B5DA01B2B03C40007D4C2 /* TestViewController.m in Sources */,
				A89AA8F61ADBEF0F004AC207 /* BaseViewController.m in Sources */,
				A81789461ABC1D34004319BA /* mztools.c in Sources */,
				176AF50D1B21D333000235AF /* ClickImageView.m in Sources */,
				A8DE94341ACEDDCE00EF1EDC /* Data.m in Sources */,
				17169B7F1AF22C6D00321300 /* DataViewController.m in Sources */,
				A8DE94311ACEDA6D00EF1EDC /* Experience.m in Sources */,
				1756E5011AD5F8B8006CA988 /* Day.m in Sources */,
				1738927C1B2A38A10063DCA3 /* HomeView.m in Sources */,
				176476791AF6D401007657DB /* DataInformationView.m in Sources */,
				17BF33F21B147B50009B6190 /* TutorialViewController.m in Sources */,
				17CF52811AA5F8F6001C7E65 /* AppDelegate.m in Sources */,
				175B5D9C1B2B036D0007D4C2 /* CaptationImageView.m in Sources */,
				1771BF001AF27A8F000D4D89 /* PairingViewController.m in Sources */,
				17AFE6831AF6C15200CDD08F /* DataView.m in Sources */,
				17CF527E1AA5F8F6001C7E65 /* main.m in Sources */,
				173B2FB61AF3E60500A71BA5 /* ChooseDayViewController.m in Sources */,
				170135F11B09C98700B10C42 /* CustomSegue.m in Sources */,
				171712041B290565005F8B71 /* LoaderView.m in Sources */,
				173892841B2A4E570063DCA3 /* SignUpView.m in Sources */,
				179883191B1B869A002F64EA /* TutorialPullUpView.m in Sources */,
				A81789451ABC1D34004319BA /* ioapi.c in Sources */,
				17A77E521B284A6B001FE7AC /* PlayerView.m in Sources */,
				173892801B2A46080063DCA3 /* LoginView.m in Sources */,
				176AF5071B21CAF0000235AF /* CustomButton.m in Sources */,
				17A8C6EC1B20B6BF005E9E8F /* customPageControl.m in Sources */,
				176AF5101B21E5E3000235AF /* HomeViewController.m in Sources */,
				A81789491ABC1D34004319BA /* SSZipArchive.m in Sources */,
				1737EFA01ADFF296002E4811 /* TimeLineView.m in Sources */,
			);
			runOnlyForDeploymentPostprocessing = 0;
		};
		17CF528D1AA5F8F6001C7E65 /* Sources */ = {
			isa = PBXSourcesBuildPhase;
			buildActionMask = 2147483647;
			files = (
				17CF52981AA5F8F6001C7E65 /* in-FormTests.m in Sources */,
			);
			runOnlyForDeploymentPostprocessing = 0;
		};
/* End PBXSourcesBuildPhase section */

/* Begin PBXTargetDependency section */
		17CF52931AA5F8F6001C7E65 /* PBXTargetDependency */ = {
			isa = PBXTargetDependency;
			target = 17CF52771AA5F8F6001C7E65 /* Data */;
			targetProxy = 17CF52921AA5F8F6001C7E65 /* PBXContainerItemProxy */;
		};
/* End PBXTargetDependency section */

/* Begin PBXVariantGroup section */
		17CF52851AA5F8F6001C7E65 /* Main.storyboard */ = {
			isa = PBXVariantGroup;
			children = (
				17CF52861AA5F8F6001C7E65 /* Base */,
			);
			name = Main.storyboard;
			sourceTree = "<group>";
		};
		17CF528A1AA5F8F6001C7E65 /* LaunchScreen.xib */ = {
			isa = PBXVariantGroup;
			children = (
				17CF528B1AA5F8F6001C7E65 /* Base */,
			);
			name = LaunchScreen.xib;
			sourceTree = "<group>";
		};
/* End PBXVariantGroup section */

/* Begin XCBuildConfiguration section */
		17CF52991AA5F8F6001C7E65 /* Debug */ = {
			isa = XCBuildConfiguration;
			buildSettings = {
				ALWAYS_SEARCH_USER_PATHS = NO;
				CLANG_CXX_LANGUAGE_STANDARD = "gnu++0x";
				CLANG_CXX_LIBRARY = "libc++";
				CLANG_ENABLE_MODULES = YES;
				CLANG_ENABLE_OBJC_ARC = YES;
				CLANG_WARN_BOOL_CONVERSION = YES;
				CLANG_WARN_CONSTANT_CONVERSION = YES;
				CLANG_WARN_DIRECT_OBJC_ISA_USAGE = YES_ERROR;
				CLANG_WARN_EMPTY_BODY = YES;
				CLANG_WARN_ENUM_CONVERSION = YES;
				CLANG_WARN_INT_CONVERSION = YES;
				CLANG_WARN_OBJC_ROOT_CLASS = YES_ERROR;
				CLANG_WARN_UNREACHABLE_CODE = YES;
				CLANG_WARN__DUPLICATE_METHOD_MATCH = YES;
				"CODE_SIGN_IDENTITY[sdk=iphoneos*]" = "iPhone Developer";
				COPY_PHASE_STRIP = NO;
				ENABLE_STRICT_OBJC_MSGSEND = YES;
				GCC_C_LANGUAGE_STANDARD = gnu99;
				GCC_DYNAMIC_NO_PIC = NO;
				GCC_OPTIMIZATION_LEVEL = 0;
				GCC_PREPROCESSOR_DEFINITIONS = (
					"DEBUG=1",
					"$(inherited)",
				);
				GCC_SYMBOLS_PRIVATE_EXTERN = NO;
				GCC_WARN_64_TO_32_BIT_CONVERSION = YES;
				GCC_WARN_ABOUT_RETURN_TYPE = YES_ERROR;
				GCC_WARN_UNDECLARED_SELECTOR = YES;
				GCC_WARN_UNINITIALIZED_AUTOS = YES_AGGRESSIVE;
				GCC_WARN_UNUSED_FUNCTION = YES;
				GCC_WARN_UNUSED_VARIABLE = YES;
				IPHONEOS_DEPLOYMENT_TARGET = 8.0;
				MTL_ENABLE_DEBUG_INFO = YES;
				ONLY_ACTIVE_ARCH = YES;
				SDKROOT = iphoneos;
			};
			name = Debug;
		};
		17CF529A1AA5F8F6001C7E65 /* Release */ = {
			isa = XCBuildConfiguration;
			buildSettings = {
				ALWAYS_SEARCH_USER_PATHS = NO;
				CLANG_CXX_LANGUAGE_STANDARD = "gnu++0x";
				CLANG_CXX_LIBRARY = "libc++";
				CLANG_ENABLE_MODULES = YES;
				CLANG_ENABLE_OBJC_ARC = YES;
				CLANG_WARN_BOOL_CONVERSION = YES;
				CLANG_WARN_CONSTANT_CONVERSION = YES;
				CLANG_WARN_DIRECT_OBJC_ISA_USAGE = YES_ERROR;
				CLANG_WARN_EMPTY_BODY = YES;
				CLANG_WARN_ENUM_CONVERSION = YES;
				CLANG_WARN_INT_CONVERSION = YES;
				CLANG_WARN_OBJC_ROOT_CLASS = YES_ERROR;
				CLANG_WARN_UNREACHABLE_CODE = YES;
				CLANG_WARN__DUPLICATE_METHOD_MATCH = YES;
				"CODE_SIGN_IDENTITY[sdk=iphoneos*]" = "iPhone Developer";
				COPY_PHASE_STRIP = YES;
				ENABLE_NS_ASSERTIONS = NO;
				ENABLE_STRICT_OBJC_MSGSEND = YES;
				GCC_C_LANGUAGE_STANDARD = gnu99;
				GCC_WARN_64_TO_32_BIT_CONVERSION = YES;
				GCC_WARN_ABOUT_RETURN_TYPE = YES_ERROR;
				GCC_WARN_UNDECLARED_SELECTOR = YES;
				GCC_WARN_UNINITIALIZED_AUTOS = YES_AGGRESSIVE;
				GCC_WARN_UNUSED_FUNCTION = YES;
				GCC_WARN_UNUSED_VARIABLE = YES;
				IPHONEOS_DEPLOYMENT_TARGET = 8.0;
				MTL_ENABLE_DEBUG_INFO = NO;
				SDKROOT = iphoneos;
				VALIDATE_PRODUCT = YES;
			};
			name = Release;
		};
		17CF529C1AA5F8F6001C7E65 /* Debug */ = {
			isa = XCBuildConfiguration;
			baseConfigurationReference = E8336D570266289D4E1EB570 /* Pods.debug.xcconfig */;
			buildSettings = {
				ASSETCATALOG_COMPILER_APPICON_NAME = AppIcon;
				CODE_SIGN_ENTITLEMENTS = Data/Data.entitlements;
				CODE_SIGN_IDENTITY = "iPhone Developer: David TARDIVEAU (VQ6GTVFA5Q)";
				"CODE_SIGN_IDENTITY[sdk=iphoneos*]" = "iPhone Developer: David TARDIVEAU (VQ6GTVFA5Q)";
				FRAMEWORK_SEARCH_PATHS = (
					"$(inherited)",
					"$(PROJECT_DIR)",
				);
				GCC_PRECOMPILE_PREFIX_HEADER = YES;
				GCC_PREFIX_HEADER = Data/PrefixHeader.pch;
				INFOPLIST_FILE = Data/Info.plist;
				LD_RUNPATH_SEARCH_PATHS = "$(inherited) @executable_path/Frameworks";
				LIBRARY_SEARCH_PATHS = "$(inherited)";
				PRODUCT_NAME = Data;
				PROVISIONING_PROFILE = "a6957cab-db4d-4f21-9947-e2fea8026bbf";
			};
			name = Debug;
		};
		17CF529D1AA5F8F6001C7E65 /* Release */ = {
			isa = XCBuildConfiguration;
			baseConfigurationReference = E28C1E8100702626A930A888 /* Pods.release.xcconfig */;
			buildSettings = {
				ASSETCATALOG_COMPILER_APPICON_NAME = AppIcon;
				CODE_SIGN_ENTITLEMENTS = Data/Data.entitlements;
				CODE_SIGN_IDENTITY = "iPhone Developer: David TARDIVEAU (VQ6GTVFA5Q)";
				"CODE_SIGN_IDENTITY[sdk=iphoneos*]" = "iPhone Developer: David TARDIVEAU (VQ6GTVFA5Q)";
				FRAMEWORK_SEARCH_PATHS = (
					"$(inherited)",
					"$(PROJECT_DIR)",
				);
				GCC_PRECOMPILE_PREFIX_HEADER = YES;
				GCC_PREFIX_HEADER = Data/PrefixHeader.pch;
				INFOPLIST_FILE = Data/Info.plist;
				LD_RUNPATH_SEARCH_PATHS = "$(inherited) @executable_path/Frameworks";
				LIBRARY_SEARCH_PATHS = "$(inherited)";
				PRODUCT_NAME = Data;
				PROVISIONING_PROFILE = "a6957cab-db4d-4f21-9947-e2fea8026bbf";
			};
			name = Release;
		};
		17CF529F1AA5F8F6001C7E65 /* Debug */ = {
			isa = XCBuildConfiguration;
			buildSettings = {
				BUNDLE_LOADER = "$(TEST_HOST)";
				FRAMEWORK_SEARCH_PATHS = (
					"$(SDKROOT)/Developer/Library/Frameworks",
					"$(inherited)",
				);
				GCC_PREPROCESSOR_DEFINITIONS = (
					"DEBUG=1",
					"$(inherited)",
				);
				INFOPLIST_FILE = DataTests/Info.plist;
				LD_RUNPATH_SEARCH_PATHS = "$(inherited) @executable_path/Frameworks @loader_path/Frameworks";
				PRODUCT_NAME = DataTests;
				TEST_HOST = "$(BUILT_PRODUCTS_DIR)/Data.app/Data";
			};
			name = Debug;
		};
		17CF52A01AA5F8F6001C7E65 /* Release */ = {
			isa = XCBuildConfiguration;
			buildSettings = {
				BUNDLE_LOADER = "$(TEST_HOST)";
				FRAMEWORK_SEARCH_PATHS = (
					"$(SDKROOT)/Developer/Library/Frameworks",
					"$(inherited)",
				);
				INFOPLIST_FILE = DataTests/Info.plist;
				LD_RUNPATH_SEARCH_PATHS = "$(inherited) @executable_path/Frameworks @loader_path/Frameworks";
				PRODUCT_NAME = DataTests;
				TEST_HOST = "$(BUILT_PRODUCTS_DIR)/Data.app/Data";
			};
			name = Release;
		};
/* End XCBuildConfiguration section */

/* Begin XCConfigurationList section */
		17CF52731AA5F8F6001C7E65 /* Build configuration list for PBXProject "Data" */ = {
			isa = XCConfigurationList;
			buildConfigurations = (
				17CF52991AA5F8F6001C7E65 /* Debug */,
				17CF529A1AA5F8F6001C7E65 /* Release */,
			);
			defaultConfigurationIsVisible = 0;
			defaultConfigurationName = Release;
		};
		17CF529B1AA5F8F6001C7E65 /* Build configuration list for PBXNativeTarget "Data" */ = {
			isa = XCConfigurationList;
			buildConfigurations = (
				17CF529C1AA5F8F6001C7E65 /* Debug */,
				17CF529D1AA5F8F6001C7E65 /* Release */,
			);
			defaultConfigurationIsVisible = 0;
			defaultConfigurationName = Release;
		};
		17CF529E1AA5F8F6001C7E65 /* Build configuration list for PBXNativeTarget "DataTests" */ = {
			isa = XCConfigurationList;
			buildConfigurations = (
				17CF529F1AA5F8F6001C7E65 /* Debug */,
				17CF52A01AA5F8F6001C7E65 /* Release */,
			);
			defaultConfigurationIsVisible = 0;
			defaultConfigurationName = Release;
		};
/* End XCConfigurationList section */
	};
	rootObject = 17CF52701AA5F8F6001C7E65 /* Project object */;
}
